// !$*UTF8*$!
{
	archiveVersion = 1;
	classes = {
	};
	objectVersion = 50;
	objects = {

/* Begin PBXBuildFile section */
		3EB6182021037183006B397C /* AppDelegate.swift in Sources */ = {isa = PBXBuildFile; fileRef = 3EB6181F21037183006B397C /* AppDelegate.swift */; };
		3EB6182221037183006B397C /* ViewController.swift in Sources */ = {isa = PBXBuildFile; fileRef = 3EB6182121037183006B397C /* ViewController.swift */; };
		3EB6182521037183006B397C /* Main.storyboard in Resources */ = {isa = PBXBuildFile; fileRef = 3EB6182321037183006B397C /* Main.storyboard */; };
		3EB6182721037185006B397C /* Assets.xcassets in Resources */ = {isa = PBXBuildFile; fileRef = 3EB6182621037185006B397C /* Assets.xcassets */; };
		3EB6182A21037185006B397C /* LaunchScreen.storyboard in Resources */ = {isa = PBXBuildFile; fileRef = 3EB6182821037185006B397C /* LaunchScreen.storyboard */; };
		3EB6183221037327006B397C /* SelectorViewController.swift in Sources */ = {isa = PBXBuildFile; fileRef = 3EB6183121037327006B397C /* SelectorViewController.swift */; };
		3EB618352103752E006B397C /* DelegateViewController.swift in Sources */ = {isa = PBXBuildFile; fileRef = 3EB618342103752E006B397C /* DelegateViewController.swift */; };
/* End PBXBuildFile section */

/* Begin PBXFileReference section */
		3EB6181C21037183006B397C /* LetusGo-CodeDefragment.app */ = {isa = PBXFileReference; explicitFileType = wrapper.application; includeInIndex = 0; path = "LetusGo-CodeDefragment.app"; sourceTree = BUILT_PRODUCTS_DIR; };
		3EB6181F21037183006B397C /* AppDelegate.swift */ = {isa = PBXFileReference; lastKnownFileType = sourcecode.swift; path = AppDelegate.swift; sourceTree = "<group>"; };
		3EB6182121037183006B397C /* ViewController.swift */ = {isa = PBXFileReference; lastKnownFileType = sourcecode.swift; path = ViewController.swift; sourceTree = "<group>"; };
		3EB6182421037183006B397C /* Base */ = {isa = PBXFileReference; lastKnownFileType = file.storyboard; name = Base; path = Base.lproj/Main.storyboard; sourceTree = "<group>"; };
		3EB6182621037185006B397C /* Assets.xcassets */ = {isa = PBXFileReference; lastKnownFileType = folder.assetcatalog; path = Assets.xcassets; sourceTree = "<group>"; };
		3EB6182921037185006B397C /* Base */ = {isa = PBXFileReference; lastKnownFileType = file.storyboard; name = Base; path = Base.lproj/LaunchScreen.storyboard; sourceTree = "<group>"; };
		3EB6182B21037185006B397C /* Info.plist */ = {isa = PBXFileReference; lastKnownFileType = text.plist.xml; path = Info.plist; sourceTree = "<group>"; };
		3EB6183121037327006B397C /* SelectorViewController.swift */ = {isa = PBXFileReference; lastKnownFileType = sourcecode.swift; path = SelectorViewController.swift; sourceTree = "<group>"; };
		3EB618342103752E006B397C /* DelegateViewController.swift */ = {isa = PBXFileReference; lastKnownFileType = sourcecode.swift; path = DelegateViewController.swift; sourceTree = "<group>"; };
/* End PBXFileReference section */

/* Begin PBXFrameworksBuildPhase section */
		3EB6181921037183006B397C /* Frameworks */ = {
			isa = PBXFrameworksBuildPhase;
			buildActionMask = 2147483647;
			files = (
			);
			runOnlyForDeploymentPostprocessing = 0;
		};
/* End PBXFrameworksBuildPhase section */

/* Begin PBXGroup section */
		3EB6181321037183006B397C = {
			isa = PBXGroup;
			children = (
				3EB6181E21037183006B397C /* LetusGo-CodeDefragment */,
				3EB6181D21037183006B397C /* Products */,
			);
			sourceTree = "<group>";
		};
		3EB6181D21037183006B397C /* Products */ = {
			isa = PBXGroup;
			children = (
				3EB6181C21037183006B397C /* LetusGo-CodeDefragment.app */,
			);
			name = Products;
			sourceTree = "<group>";
		};
		3EB6181E21037183006B397C /* LetusGo-CodeDefragment */ = {
			isa = PBXGroup;
			children = (
				3EB618332103732A006B397C /* ViewControllers */,
				3EB6181F21037183006B397C /* AppDelegate.swift */,
				3EB6182321037183006B397C /* Main.storyboard */,
				3EB6182621037185006B397C /* Assets.xcassets */,
				3EB6182821037185006B397C /* LaunchScreen.storyboard */,
				3EB6182B21037185006B397C /* Info.plist */,
			);
			path = "LetusGo-CodeDefragment";
			sourceTree = "<group>";
		};
		3EB618332103732A006B397C /* ViewControllers */ = {
			isa = PBXGroup;
			children = (
				3EB6182121037183006B397C /* ViewController.swift */,
				3EB6183121037327006B397C /* SelectorViewController.swift */,
				3EB618342103752E006B397C /* DelegateViewController.swift */,
			);
			path = ViewControllers;
			sourceTree = "<group>";
		};
/* End PBXGroup section */

/* Begin PBXNativeTarget section */
		3EB6181B21037183006B397C /* LetusGo-CodeDefragment */ = {
			isa = PBXNativeTarget;
			buildConfigurationList = 3EB6182E21037185006B397C /* Build configuration list for PBXNativeTarget "LetusGo-CodeDefragment" */;
			buildPhases = (
				3EB6181821037183006B397C /* Sources */,
				3EB6181921037183006B397C /* Frameworks */,
				3EB6181A21037183006B397C /* Resources */,
			);
			buildRules = (
			);
			dependencies = (
			);
			name = "LetusGo-CodeDefragment";
			productName = "LetusGo-CodeDefragment";
			productReference = 3EB6181C21037183006B397C /* LetusGo-CodeDefragment.app */;
			productType = "com.apple.product-type.application";
		};
/* End PBXNativeTarget section */

/* Begin PBXProject section */
		3EB6181421037183006B397C /* Project object */ = {
			isa = PBXProject;
			attributes = {
				LastSwiftUpdateCheck = 1000;
				LastUpgradeCheck = 1000;
				ORGANIZATIONNAME = "이동건";
				TargetAttributes = {
					3EB6181B21037183006B397C = {
						CreatedOnToolsVersion = 10.0;
					};
				};
			};
			buildConfigurationList = 3EB6181721037183006B397C /* Build configuration list for PBXProject "LetusGo-CodeDefragment" */;
			compatibilityVersion = "Xcode 9.3";
			developmentRegion = en;
			hasScannedForEncodings = 0;
			knownRegions = (
				en,
				Base,
			);
			mainGroup = 3EB6181321037183006B397C;
			productRefGroup = 3EB6181D21037183006B397C /* Products */;
			projectDirPath = "";
			projectRoot = "";
			targets = (
				3EB6181B21037183006B397C /* LetusGo-CodeDefragment */,
			);
		};
/* End PBXProject section */

/* Begin PBXResourcesBuildPhase section */
		3EB6181A21037183006B397C /* Resources */ = {
			isa = PBXResourcesBuildPhase;
			buildActionMask = 2147483647;
			files = (
				3EB6182A21037185006B397C /* LaunchScreen.storyboard in Resources */,
				3EB6182721037185006B397C /* Assets.xcassets in Resources */,
				3EB6182521037183006B397C /* Main.storyboard in Resources */,
			);
			runOnlyForDeploymentPostprocessing = 0;
		};
/* End PBXResourcesBuildPhase section */

/* Begin PBXSourcesBuildPhase section */
		3EB6181821037183006B397C /* Sources */ = {
			isa = PBXSourcesBuildPhase;
			buildActionMask = 2147483647;
			files = (
				3EB6182221037183006B397C /* ViewController.swift in Sources */,
				3EB618352103752E006B397C /* DelegateViewController.swift in Sources */,
				3EB6183221037327006B397C /* SelectorViewController.swift in Sources */,
				3EB6182021037183006B397C /* AppDelegate.swift in Sources */,
			);
			runOnlyForDeploymentPostprocessing = 0;
		};
/* End PBXSourcesBuildPhase section */

/* Begin PBXVariantGroup section */
		3EB6182321037183006B397C /* Main.storyboard */ = {
			isa = PBXVariantGroup;
			children = (
				3EB6182421037183006B397C /* Base */,
			);
			name = Main.storyboard;
			sourceTree = "<group>";
		};
		3EB6182821037185006B397C /* LaunchScreen.storyboard */ = {
			isa = PBXVariantGroup;
			children = (
				3EB6182921037185006B397C /* Base */,
			);
			name = LaunchScreen.storyboard;
			sourceTree = "<group>";
		};
/* End PBXVariantGroup section */

/* Begin XCBuildConfiguration section */
		3EB6182C21037185006B397C /* Debug */ = {
			isa = XCBuildConfiguration;
			buildSettings = {
				ALWAYS_SEARCH_USER_PATHS = NO;
				CLANG_ANALYZER_NONNULL = YES;
				CLANG_ANALYZER_NUMBER_OBJECT_CONVERSION = YES_AGGRESSIVE;
				CLANG_CXX_LANGUAGE_STANDARD = "gnu++14";
				CLANG_CXX_LIBRARY = "libc++";
				CLANG_ENABLE_MODULES = YES;
				CLANG_ENABLE_OBJC_ARC = YES;
				CLANG_ENABLE_OBJC_WEAK = YES;
				CLANG_WARN_BLOCK_CAPTURE_AUTORELEASING = YES;
				CLANG_WARN_BOOL_CONVERSION = YES;
				CLANG_WARN_COMMA = YES;
				CLANG_WARN_CONSTANT_CONVERSION = YES;
				CLANG_WARN_DEPRECATED_OBJC_IMPLEMENTATIONS = YES;
				CLANG_WARN_DIRECT_OBJC_ISA_USAGE = YES_ERROR;
				CLANG_WARN_DOCUMENTATION_COMMENTS = YES;
				CLANG_WARN_EMPTY_BODY = YES;
				CLANG_WARN_ENUM_CONVERSION = YES;
				CLANG_WARN_INFINITE_RECURSION = YES;
				CLANG_WARN_INT_CONVERSION = YES;
				CLANG_WARN_NON_LITERAL_NULL_CONVERSION = YES;
				CLANG_WARN_OBJC_IMPLICIT_RETAIN_SELF = YES;
				CLANG_WARN_OBJC_LITERAL_CONVERSION = YES;
				CLANG_WARN_OBJC_ROOT_CLASS = YES_ERROR;
				CLANG_WARN_RANGE_LOOP_ANALYSIS = YES;
				CLANG_WARN_STRICT_PROTOTYPES = YES;
				CLANG_WARN_SUSPICIOUS_MOVE = YES;
				CLANG_WARN_UNGUARDED_AVAILABILITY = YES_AGGRESSIVE;
				CLANG_WARN_UNREACHABLE_CODE = YES;
				CLANG_WARN__DUPLICATE_METHOD_MATCH = YES;
				CODE_SIGN_IDENTITY = "iPhone Developer";
				COPY_PHASE_STRIP = NO;
				DEBUG_INFORMATION_FORMAT = dwarf;
				ENABLE_STRICT_OBJC_MSGSEND = YES;
				ENABLE_TESTABILITY = YES;
				GCC_C_LANGUAGE_STANDARD = gnu11;
				GCC_DYNAMIC_NO_PIC = NO;
				GCC_NO_COMMON_BLOCKS = YES;
				GCC_OPTIMIZATION_LEVEL = 0;
				GCC_PREPROCESSOR_DEFINITIONS = (
					"DEBUG=1",
					"$(inherited)",
				);
				GCC_WARN_64_TO_32_BIT_CONVERSION = YES;
				GCC_WARN_ABOUT_RETURN_TYPE = YES_ERROR;
				GCC_WARN_UNDECLARED_SELECTOR = YES;
				GCC_WARN_UNINITIALIZED_AUTOS = YES_AGGRESSIVE;
				GCC_WARN_UNUSED_FUNCTION = YES;
				GCC_WARN_UNUSED_VARIABLE = YES;
				IPHONEOS_DEPLOYMENT_TARGET = 12.0;
				MTL_ENABLE_DEBUG_INFO = INCLUDE_SOURCE;
				ONLY_ACTIVE_ARCH = YES;
				SDKROOT = iphoneos;
				SWIFT_ACTIVE_COMPILATION_CONDITIONS = DEBUG;
				SWIFT_OPTIMIZATION_LEVEL = "-Onone";
			};
			name = Debug;
		};
		3EB6182D21037185006B397C /* Release */ = {
			isa = XCBuildConfiguration;
			buildSettings = {
				ALWAYS_SEARCH_USER_PATHS = NO;
				CLANG_ANALYZER_NONNULL = YES;
				CLANG_ANALYZER_NUMBER_OBJECT_CONVERSION = YES_AGGRESSIVE;
				CLANG_CXX_LANGUAGE_STANDARD = "gnu++14";
				CLANG_CXX_LIBRARY = "libc++";
				CLANG_ENABLE_MODULES = YES;
				CLANG_ENABLE_OBJC_ARC = YES;
				CLANG_ENABLE_OBJC_WEAK = YES;
				CLANG_WARN_BLOCK_CAPTURE_AUTORELEASING = YES;
				CLANG_WARN_BOOL_CONVERSION = YES;
				CLANG_WARN_COMMA = YES;
				CLANG_WARN_CONSTANT_CONVERSION = YES;
				CLANG_WARN_DEPRECATED_OBJC_IMPLEMENTATIONS = YES;
				CLANG_WARN_DIRECT_OBJC_ISA_USAGE = YES_ERROR;
				CLANG_WARN_DOCUMENTATION_COMMENTS = YES;
				CLANG_WARN_EMPTY_BODY = YES;
				CLANG_WARN_ENUM_CONVERSION = YES;
				CLANG_WARN_INFINITE_RECURSION = YES;
				CLANG_WARN_INT_CONVERSION = YES;
				CLANG_WARN_NON_LITERAL_NULL_CONVERSION = YES;
				CLANG_WARN_OBJC_IMPLICIT_RETAIN_SELF = YES;
				CLANG_WARN_OBJC_LITERAL_CONVERSION = YES;
				CLANG_WARN_OBJC_ROOT_CLASS = YES_ERROR;
				CLANG_WARN_RANGE_LOOP_ANALYSIS = YES;
				CLANG_WARN_STRICT_PROTOTYPES = YES;
				CLANG_WARN_SUSPICIOUS_MOVE = YES;
				CLANG_WARN_UNGUARDED_AVAILABILITY = YES_AGGRESSIVE;
				CLANG_WARN_UNREACHABLE_CODE = YES;
				CLANG_WARN__DUPLICATE_METHOD_MATCH = YES;
				CODE_SIGN_IDENTITY = "iPhone Developer";
				COPY_PHASE_STRIP = NO;
				DEBUG_INFORMATION_FORMAT = "dwarf-with-dsym";
				ENABLE_NS_ASSERTIONS = NO;
				ENABLE_STRICT_OBJC_MSGSEND = YES;
				GCC_C_LANGUAGE_STANDARD = gnu11;
				GCC_NO_COMMON_BLOCKS = YES;
				GCC_WARN_64_TO_32_BIT_CONVERSION = YES;
				GCC_WARN_ABOUT_RETURN_TYPE = YES_ERROR;
				GCC_WARN_UNDECLARED_SELECTOR = YES;
				GCC_WARN_UNINITIALIZED_AUTOS = YES_AGGRESSIVE;
				GCC_WARN_UNUSED_FUNCTION = YES;
				GCC_WARN_UNUSED_VARIABLE = YES;
				IPHONEOS_DEPLOYMENT_TARGET = 12.0;
				MTL_ENABLE_DEBUG_INFO = NO;
				SDKROOT = iphoneos;
				SWIFT_COMPILATION_MODE = wholemodule;
				SWIFT_OPTIMIZATION_LEVEL = "-O";
				VALIDATE_PRODUCT = YES;
			};
			name = Release;
		};
		3EB6182F21037185006B397C /* Debug */ = {
			isa = XCBuildConfiguration;
			buildSettings = {
				ASSETCATALOG_COMPILER_APPICON_NAME = AppIcon;
				CODE_SIGN_STYLE = Automatic;
				DEVELOPMENT_TEAM = 452DHHAC9T;
				INFOPLIST_FILE = "LetusGo-CodeDefragment/Info.plist";
				LD_RUNPATH_SEARCH_PATHS = (
					"$(inherited)",
					"@executable_path/Frameworks",
				);
				PRODUCT_BUNDLE_IDENTIFIER = "com.LetusGo-CodeDefragment";
				PRODUCT_NAME = "$(TARGET_NAME)";
				SWIFT_VERSION = 4.2;
				TARGETED_DEVICE_FAMILY = "1,2";
			};
			name = Debug;
		};
		3EB6183021037185006B397C /* Release */ = {
			isa = XCBuildConfiguration;
			buildSettings = {
				ASSETCATALOG_COMPILER_APPICON_NAME = AppIcon;
				CODE_SIGN_STYLE = Automatic;
				DEVELOPMENT_TEAM = 452DHHAC9T;
				INFOPLIST_FILE = "LetusGo-CodeDefragment/Info.plist";
				LD_RUNPATH_SEARCH_PATHS = (
					"$(inherited)",
					"@executable_path/Frameworks",
				);
				PRODUCT_BUNDLE_IDENTIFIER = "com.LetusGo-CodeDefragment";
				PRODUCT_NAME = "$(TARGET_NAME)";
				SWIFT_VERSION = 4.2;
				TARGETED_DEVICE_FAMILY = "1,2";
			};
			name = Release;
		};
/* End XCBuildConfiguration section */

/* Begin XCConfigurationList section */
		3EB6181721037183006B397C /* Build configuration list for PBXProject "LetusGo-CodeDefragment" */ = {
			isa = XCConfigurationList;
			buildConfigurations = (
				3EB6182C21037185006B397C /* Debug */,
				3EB6182D21037185006B397C /* Release */,
			);
			defaultConfigurationIsVisible = 0;
			defaultConfigurationName = Release;
		};
		3EB6182E21037185006B397C /* Build configuration list for PBXNativeTarget "LetusGo-CodeDefragment" */ = {
			isa = XCConfigurationList;
			buildConfigurations = (
				3EB6182F21037185006B397C /* Debug */,
				3EB6183021037185006B397C /* Release */,
			);
			defaultConfigurationIsVisible = 0;
			defaultConfigurationName = Release;
		};
/* End XCConfigurationList section */
	};
	rootObject = 3EB6181421037183006B397C /* Project object */;
}
