// !$*UTF8*$!
{
	archiveVersion = 1;
	classes = {
	};
	objectVersion = 48;
	objects = {

/* Begin PBXBuildFile section */
		3E9E979E20514A2E00F0F85D /* AppDelegate.swift in Sources */ = {isa = PBXBuildFile; fileRef = 3E9E979D20514A2E00F0F85D /* AppDelegate.swift */; };
		3E9E97A520514A2E00F0F85D /* Assets.xcassets in Resources */ = {isa = PBXBuildFile; fileRef = 3E9E97A420514A2E00F0F85D /* Assets.xcassets */; };
		3E9E97A820514A2E00F0F85D /* LaunchScreen.storyboard in Resources */ = {isa = PBXBuildFile; fileRef = 3E9E97A620514A2E00F0F85D /* LaunchScreen.storyboard */; };
		3E9E97B220514A6C00F0F85D /* ViewController.swift in Sources */ = {isa = PBXBuildFile; fileRef = 3E9E97B020514A6C00F0F85D /* ViewController.swift */; };
		3E9E97B320514A6C00F0F85D /* ViewController.xib in Resources */ = {isa = PBXBuildFile; fileRef = 3E9E97B120514A6C00F0F85D /* ViewController.xib */; };
		3E9E97B6205152D400F0F85D /* NSObject + Identifier.swift in Sources */ = {isa = PBXBuildFile; fileRef = 3E9E97B5205152D400F0F85D /* NSObject + Identifier.swift */; };
/* End PBXBuildFile section */

/* Begin PBXFileReference section */
		3E9E979A20514A2E00F0F85D /* button to Menu.app */ = {isa = PBXFileReference; explicitFileType = wrapper.application; includeInIndex = 0; path = "button to Menu.app"; sourceTree = BUILT_PRODUCTS_DIR; };
		3E9E979D20514A2E00F0F85D /* AppDelegate.swift */ = {isa = PBXFileReference; lastKnownFileType = sourcecode.swift; path = AppDelegate.swift; sourceTree = "<group>"; };
		3E9E97A420514A2E00F0F85D /* Assets.xcassets */ = {isa = PBXFileReference; lastKnownFileType = folder.assetcatalog; path = Assets.xcassets; sourceTree = "<group>"; };
		3E9E97A720514A2E00F0F85D /* Base */ = {isa = PBXFileReference; lastKnownFileType = file.storyboard; name = Base; path = Base.lproj/LaunchScreen.storyboard; sourceTree = "<group>"; };
		3E9E97A920514A2E00F0F85D /* Info.plist */ = {isa = PBXFileReference; lastKnownFileType = text.plist.xml; path = Info.plist; sourceTree = "<group>"; };
		3E9E97B020514A6C00F0F85D /* ViewController.swift */ = {isa = PBXFileReference; lastKnownFileType = sourcecode.swift; path = ViewController.swift; sourceTree = "<group>"; };
		3E9E97B120514A6C00F0F85D /* ViewController.xib */ = {isa = PBXFileReference; lastKnownFileType = file.xib; path = ViewController.xib; sourceTree = "<group>"; };
		3E9E97B5205152D400F0F85D /* NSObject + Identifier.swift */ = {isa = PBXFileReference; lastKnownFileType = sourcecode.swift; path = "NSObject + Identifier.swift"; sourceTree = "<group>"; };
/* End PBXFileReference section */

/* Begin PBXFrameworksBuildPhase section */
		3E9E979720514A2E00F0F85D /* Frameworks */ = {
			isa = PBXFrameworksBuildPhase;
			buildActionMask = 2147483647;
			files = (
			);
			runOnlyForDeploymentPostprocessing = 0;
		};
/* End PBXFrameworksBuildPhase section */

/* Begin PBXGroup section */
		3E9E979120514A2E00F0F85D = {
			isa = PBXGroup;
			children = (
				3E9E979C20514A2E00F0F85D /* button to Menu */,
				3E9E979B20514A2E00F0F85D /* Products */,
			);
			sourceTree = "<group>";
		};
		3E9E979B20514A2E00F0F85D /* Products */ = {
			isa = PBXGroup;
			children = (
				3E9E979A20514A2E00F0F85D /* button to Menu.app */,
			);
			name = Products;
			sourceTree = "<group>";
		};
		3E9E979C20514A2E00F0F85D /* button to Menu */ = {
			isa = PBXGroup;
			children = (
				3E9E97B4205152C200F0F85D /* Extensions */,
				3E9E97AF20514A5500F0F85D /* ViewControllers */,
				3E9E979D20514A2E00F0F85D /* AppDelegate.swift */,
				3E9E97A420514A2E00F0F85D /* Assets.xcassets */,
				3E9E97A620514A2E00F0F85D /* LaunchScreen.storyboard */,
				3E9E97A920514A2E00F0F85D /* Info.plist */,
			);
			path = "button to Menu";
			sourceTree = "<group>";
		};
		3E9E97AF20514A5500F0F85D /* ViewControllers */ = {
			isa = PBXGroup;
			children = (
				3E9E97B020514A6C00F0F85D /* ViewController.swift */,
				3E9E97B120514A6C00F0F85D /* ViewController.xib */,
			);
			path = ViewControllers;
			sourceTree = "<group>";
		};
		3E9E97B4205152C200F0F85D /* Extensions */ = {
			isa = PBXGroup;
			children = (
				3E9E97B5205152D400F0F85D /* NSObject + Identifier.swift */,
			);
			path = Extensions;
			sourceTree = "<group>";
		};
/* End PBXGroup section */

/* Begin PBXNativeTarget section */
		3E9E979920514A2E00F0F85D /* button to Menu */ = {
			isa = PBXNativeTarget;
			buildConfigurationList = 3E9E97AC20514A2E00F0F85D /* Build configuration list for PBXNativeTarget "button to Menu" */;
			buildPhases = (
				3E9E979620514A2E00F0F85D /* Sources */,
				3E9E979720514A2E00F0F85D /* Frameworks */,
				3E9E979820514A2E00F0F85D /* Resources */,
			);
			buildRules = (
			);
			dependencies = (
			);
			name = "button to Menu";
			productName = "button to Menu";
			productReference = 3E9E979A20514A2E00F0F85D /* button to Menu.app */;
			productType = "com.apple.product-type.application";
		};
/* End PBXNativeTarget section */

/* Begin PBXProject section */
		3E9E979220514A2E00F0F85D /* Project object */ = {
			isa = PBXProject;
			attributes = {
				LastSwiftUpdateCheck = 0920;
				LastUpgradeCheck = 0920;
				ORGANIZATIONNAME = "이동건";
				TargetAttributes = {
					3E9E979920514A2E00F0F85D = {
						CreatedOnToolsVersion = 9.2;
						ProvisioningStyle = Automatic;
					};
				};
			};
			buildConfigurationList = 3E9E979520514A2E00F0F85D /* Build configuration list for PBXProject "button to Menu" */;
			compatibilityVersion = "Xcode 8.0";
			developmentRegion = en;
			hasScannedForEncodings = 0;
			knownRegions = (
				en,
				Base,
			);
			mainGroup = 3E9E979120514A2E00F0F85D;
			productRefGroup = 3E9E979B20514A2E00F0F85D /* Products */;
			projectDirPath = "";
			projectRoot = "";
			targets = (
				3E9E979920514A2E00F0F85D /* button to Menu */,
			);
		};
/* End PBXProject section */

/* Begin PBXResourcesBuildPhase section */
		3E9E979820514A2E00F0F85D /* Resources */ = {
			isa = PBXResourcesBuildPhase;
			buildActionMask = 2147483647;
			files = (
				3E9E97A820514A2E00F0F85D /* LaunchScreen.storyboard in Resources */,
				3E9E97B320514A6C00F0F85D /* ViewController.xib in Resources */,
				3E9E97A520514A2E00F0F85D /* Assets.xcassets in Resources */,
			);
			runOnlyForDeploymentPostprocessing = 0;
		};
/* End PBXResourcesBuildPhase section */

/* Begin PBXSourcesBuildPhase section */
		3E9E979620514A2E00F0F85D /* Sources */ = {
			isa = PBXSourcesBuildPhase;
			buildActionMask = 2147483647;
			files = (
				3E9E97B220514A6C00F0F85D /* ViewController.swift in Sources */,
				3E9E97B6205152D400F0F85D /* NSObject + Identifier.swift in Sources */,
				3E9E979E20514A2E00F0F85D /* AppDelegate.swift in Sources */,
			);
			runOnlyForDeploymentPostprocessing = 0;
		};
/* End PBXSourcesBuildPhase section */

/* Begin PBXVariantGroup section */
		3E9E97A620514A2E00F0F85D /* LaunchScreen.storyboard */ = {
			isa = PBXVariantGroup;
			children = (
				3E9E97A720514A2E00F0F85D /* Base */,
			);
			name = LaunchScreen.storyboard;
			sourceTree = "<group>";
		};
/* End PBXVariantGroup section */

/* Begin XCBuildConfiguration section */
		3E9E97AA20514A2E00F0F85D /* Debug */ = {
			isa = XCBuildConfiguration;
			buildSettings = {
				ALWAYS_SEARCH_USER_PATHS = NO;
				CLANG_ANALYZER_NONNULL = YES;
				CLANG_ANALYZER_NUMBER_OBJECT_CONVERSION = YES_AGGRESSIVE;
				CLANG_CXX_LANGUAGE_STANDARD = "gnu++14";
				CLANG_CXX_LIBRARY = "libc++";
				CLANG_ENABLE_MODULES = YES;
				CLANG_ENABLE_OBJC_ARC = YES;
				CLANG_WARN_BLOCK_CAPTURE_AUTORELEASING = YES;
				CLANG_WARN_BOOL_CONVERSION = YES;
				CLANG_WARN_COMMA = YES;
				CLANG_WARN_CONSTANT_CONVERSION = YES;
				CLANG_WARN_DIRECT_OBJC_ISA_USAGE = YES_ERROR;
				CLANG_WARN_DOCUMENTATION_COMMENTS = YES;
				CLANG_WARN_EMPTY_BODY = YES;
				CLANG_WARN_ENUM_CONVERSION = YES;
				CLANG_WARN_INFINITE_RECURSION = YES;
				CLANG_WARN_INT_CONVERSION = YES;
				CLANG_WARN_NON_LITERAL_NULL_CONVERSION = YES;
				CLANG_WARN_OBJC_LITERAL_CONVERSION = YES;
				CLANG_WARN_OBJC_ROOT_CLASS = YES_ERROR;
				CLANG_WARN_RANGE_LOOP_ANALYSIS = YES;
				CLANG_WARN_STRICT_PROTOTYPES = YES;
				CLANG_WARN_SUSPICIOUS_MOVE = YES;
				CLANG_WARN_UNGUARDED_AVAILABILITY = YES_AGGRESSIVE;
				CLANG_WARN_UNREACHABLE_CODE = YES;
				CLANG_WARN__DUPLICATE_METHOD_MATCH = YES;
				CODE_SIGN_IDENTITY = "iPhone Developer";
				COPY_PHASE_STRIP = NO;
				DEBUG_INFORMATION_FORMAT = dwarf;
				ENABLE_STRICT_OBJC_MSGSEND = YES;
				ENABLE_TESTABILITY = YES;
				GCC_C_LANGUAGE_STANDARD = gnu11;
				GCC_DYNAMIC_NO_PIC = NO;
				GCC_NO_COMMON_BLOCKS = YES;
				GCC_OPTIMIZATION_LEVEL = 0;
				GCC_PREPROCESSOR_DEFINITIONS = (
					"DEBUG=1",
					"$(inherited)",
				);
				GCC_WARN_64_TO_32_BIT_CONVERSION = YES;
				GCC_WARN_ABOUT_RETURN_TYPE = YES_ERROR;
				GCC_WARN_UNDECLARED_SELECTOR = YES;
				GCC_WARN_UNINITIALIZED_AUTOS = YES_AGGRESSIVE;
				GCC_WARN_UNUSED_FUNCTION = YES;
				GCC_WARN_UNUSED_VARIABLE = YES;
				IPHONEOS_DEPLOYMENT_TARGET = 11.2;
				MTL_ENABLE_DEBUG_INFO = YES;
				ONLY_ACTIVE_ARCH = YES;
				SDKROOT = iphoneos;
				SWIFT_ACTIVE_COMPILATION_CONDITIONS = DEBUG;
				SWIFT_OPTIMIZATION_LEVEL = "-Onone";
			};
			name = Debug;
		};
		3E9E97AB20514A2E00F0F85D /* Release */ = {
			isa = XCBuildConfiguration;
			buildSettings = {
				ALWAYS_SEARCH_USER_PATHS = NO;
				CLANG_ANALYZER_NONNULL = YES;
				CLANG_ANALYZER_NUMBER_OBJECT_CONVERSION = YES_AGGRESSIVE;
				CLANG_CXX_LANGUAGE_STANDARD = "gnu++14";
				CLANG_CXX_LIBRARY = "libc++";
				CLANG_ENABLE_MODULES = YES;
				CLANG_ENABLE_OBJC_ARC = YES;
				CLANG_WARN_BLOCK_CAPTURE_AUTORELEASING = YES;
				CLANG_WARN_BOOL_CONVERSION = YES;
				CLANG_WARN_COMMA = YES;
				CLANG_WARN_CONSTANT_CONVERSION = YES;
				CLANG_WARN_DIRECT_OBJC_ISA_USAGE = YES_ERROR;
				CLANG_WARN_DOCUMENTATION_COMMENTS = YES;
				CLANG_WARN_EMPTY_BODY = YES;
				CLANG_WARN_ENUM_CONVERSION = YES;
				CLANG_WARN_INFINITE_RECURSION = YES;
				CLANG_WARN_INT_CONVERSION = YES;
				CLANG_WARN_NON_LITERAL_NULL_CONVERSION = YES;
				CLANG_WARN_OBJC_LITERAL_CONVERSION = YES;
				CLANG_WARN_OBJC_ROOT_CLASS = YES_ERROR;
				CLANG_WARN_RANGE_LOOP_ANALYSIS = YES;
				CLANG_WARN_STRICT_PROTOTYPES = YES;
				CLANG_WARN_SUSPICIOUS_MOVE = YES;
				CLANG_WARN_UNGUARDED_AVAILABILITY = YES_AGGRESSIVE;
				CLANG_WARN_UNREACHABLE_CODE = YES;
				CLANG_WARN__DUPLICATE_METHOD_MATCH = YES;
				CODE_SIGN_IDENTITY = "iPhone Developer";
				COPY_PHASE_STRIP = NO;
				DEBUG_INFORMATION_FORMAT = "dwarf-with-dsym";
				ENABLE_NS_ASSERTIONS = NO;
				ENABLE_STRICT_OBJC_MSGSEND = YES;
				GCC_C_LANGUAGE_STANDARD = gnu11;
				GCC_NO_COMMON_BLOCKS = YES;
				GCC_WARN_64_TO_32_BIT_CONVERSION = YES;
				GCC_WARN_ABOUT_RETURN_TYPE = YES_ERROR;
				GCC_WARN_UNDECLARED_SELECTOR = YES;
				GCC_WARN_UNINITIALIZED_AUTOS = YES_AGGRESSIVE;
				GCC_WARN_UNUSED_FUNCTION = YES;
				GCC_WARN_UNUSED_VARIABLE = YES;
				IPHONEOS_DEPLOYMENT_TARGET = 11.2;
				MTL_ENABLE_DEBUG_INFO = NO;
				SDKROOT = iphoneos;
				SWIFT_OPTIMIZATION_LEVEL = "-Owholemodule";
				VALIDATE_PRODUCT = YES;
			};
			name = Release;
		};
		3E9E97AD20514A2E00F0F85D /* Debug */ = {
			isa = XCBuildConfiguration;
			buildSettings = {
				ASSETCATALOG_COMPILER_APPICON_NAME = AppIcon;
				CODE_SIGN_STYLE = Automatic;
				DEVELOPMENT_TEAM = 452DHHAC9T;
				INFOPLIST_FILE = "button to Menu/Info.plist";
				LD_RUNPATH_SEARCH_PATHS = "$(inherited) @executable_path/Frameworks";
				PRODUCT_BUNDLE_IDENTIFIER = "com.button-to-Menu";
				PRODUCT_NAME = "$(TARGET_NAME)";
				SWIFT_VERSION = 4.0;
				TARGETED_DEVICE_FAMILY = "1,2";
			};
			name = Debug;
		};
		3E9E97AE20514A2E00F0F85D /* Release */ = {
			isa = XCBuildConfiguration;
			buildSettings = {
				ASSETCATALOG_COMPILER_APPICON_NAME = AppIcon;
				CODE_SIGN_STYLE = Automatic;
				DEVELOPMENT_TEAM = 452DHHAC9T;
				INFOPLIST_FILE = "button to Menu/Info.plist";
				LD_RUNPATH_SEARCH_PATHS = "$(inherited) @executable_path/Frameworks";
				PRODUCT_BUNDLE_IDENTIFIER = "com.button-to-Menu";
				PRODUCT_NAME = "$(TARGET_NAME)";
				SWIFT_VERSION = 4.0;
				TARGETED_DEVICE_FAMILY = "1,2";
			};
			name = Release;
		};
/* End XCBuildConfiguration section */

/* Begin XCConfigurationList section */
		3E9E979520514A2E00F0F85D /* Build configuration list for PBXProject "button to Menu" */ = {
			isa = XCConfigurationList;
			buildConfigurations = (
				3E9E97AA20514A2E00F0F85D /* Debug */,
				3E9E97AB20514A2E00F0F85D /* Release */,
			);
			defaultConfigurationIsVisible = 0;
			defaultConfigurationName = Release;
		};
		3E9E97AC20514A2E00F0F85D /* Build configuration list for PBXNativeTarget "button to Menu" */ = {
			isa = XCConfigurationList;
			buildConfigurations = (
				3E9E97AD20514A2E00F0F85D /* Debug */,
				3E9E97AE20514A2E00F0F85D /* Release */,
			);
			defaultConfigurationIsVisible = 0;
			defaultConfigurationName = Release;
		};
/* End XCConfigurationList section */
	};
	rootObject = 3E9E979220514A2E00F0F85D /* Project object */;
}
