// !$*UTF8*$!
{
	archiveVersion = 1;
	classes = {
	};
	objectVersion = 50;
	objects = {

/* Begin PBXBuildFile section */
		3E38B8D1208B7F03001EF24F /* AppDelegate.swift in Sources */ = {isa = PBXBuildFile; fileRef = 3E38B8D0208B7F03001EF24F /* AppDelegate.swift */; };
		3E38B8D8208B7F05001EF24F /* Assets.xcassets in Resources */ = {isa = PBXBuildFile; fileRef = 3E38B8D7208B7F05001EF24F /* Assets.xcassets */; };
		3E38B8DB208B7F05001EF24F /* LaunchScreen.storyboard in Resources */ = {isa = PBXBuildFile; fileRef = 3E38B8D9208B7F05001EF24F /* LaunchScreen.storyboard */; };
		3E38B8E5208B8105001EF24F /* CustomCell.swift in Sources */ = {isa = PBXBuildFile; fileRef = 3E38B8E4208B8105001EF24F /* CustomCell.swift */; };
		3E38B8E8208B828A001EF24F /* NSObject + reuseIdentifier.swift in Sources */ = {isa = PBXBuildFile; fileRef = 3E38B8E7208B828A001EF24F /* NSObject + reuseIdentifier.swift */; };
		3E38B8EF208B979F001EF24F /* MainVC.swift in Sources */ = {isa = PBXBuildFile; fileRef = 3E38B8ED208B979F001EF24F /* MainVC.swift */; };
		3E38B8F0208B979F001EF24F /* MainVC.xib in Resources */ = {isa = PBXBuildFile; fileRef = 3E38B8EE208B979F001EF24F /* MainVC.xib */; };
		6402E95F96714E5947A32DD8 /* Pods_ExpandingCalendar.framework in Frameworks */ = {isa = PBXBuildFile; fileRef = 3A37E13E907D4494B8ED0333 /* Pods_ExpandingCalendar.framework */; };
/* End PBXBuildFile section */

/* Begin PBXFileReference section */
		3A37E13E907D4494B8ED0333 /* Pods_ExpandingCalendar.framework */ = {isa = PBXFileReference; explicitFileType = wrapper.framework; includeInIndex = 0; path = Pods_ExpandingCalendar.framework; sourceTree = BUILT_PRODUCTS_DIR; };
		3E38B8CD208B7F03001EF24F /* ExpandingCalendar.app */ = {isa = PBXFileReference; explicitFileType = wrapper.application; includeInIndex = 0; path = ExpandingCalendar.app; sourceTree = BUILT_PRODUCTS_DIR; };
		3E38B8D0208B7F03001EF24F /* AppDelegate.swift */ = {isa = PBXFileReference; lastKnownFileType = sourcecode.swift; path = AppDelegate.swift; sourceTree = "<group>"; };
		3E38B8D7208B7F05001EF24F /* Assets.xcassets */ = {isa = PBXFileReference; lastKnownFileType = folder.assetcatalog; path = Assets.xcassets; sourceTree = "<group>"; };
		3E38B8DA208B7F05001EF24F /* Base */ = {isa = PBXFileReference; lastKnownFileType = file.storyboard; name = Base; path = Base.lproj/LaunchScreen.storyboard; sourceTree = "<group>"; };
		3E38B8DC208B7F05001EF24F /* Info.plist */ = {isa = PBXFileReference; lastKnownFileType = text.plist.xml; path = Info.plist; sourceTree = "<group>"; };
		3E38B8E4208B8105001EF24F /* CustomCell.swift */ = {isa = PBXFileReference; lastKnownFileType = sourcecode.swift; path = CustomCell.swift; sourceTree = "<group>"; };
		3E38B8E7208B828A001EF24F /* NSObject + reuseIdentifier.swift */ = {isa = PBXFileReference; lastKnownFileType = sourcecode.swift; path = "NSObject + reuseIdentifier.swift"; sourceTree = "<group>"; };
		3E38B8ED208B979F001EF24F /* MainVC.swift */ = {isa = PBXFileReference; lastKnownFileType = sourcecode.swift; path = MainVC.swift; sourceTree = "<group>"; };
		3E38B8EE208B979F001EF24F /* MainVC.xib */ = {isa = PBXFileReference; lastKnownFileType = file.xib; path = MainVC.xib; sourceTree = "<group>"; };
		A2514B8F3DC99D4739030AF9 /* Pods-ExpandingCalendar.debug.xcconfig */ = {isa = PBXFileReference; includeInIndex = 1; lastKnownFileType = text.xcconfig; name = "Pods-ExpandingCalendar.debug.xcconfig"; path = "Pods/Target Support Files/Pods-ExpandingCalendar/Pods-ExpandingCalendar.debug.xcconfig"; sourceTree = "<group>"; };
		DE7CA8A97C419273EE9EE29F /* Pods-ExpandingCalendar.release.xcconfig */ = {isa = PBXFileReference; includeInIndex = 1; lastKnownFileType = text.xcconfig; name = "Pods-ExpandingCalendar.release.xcconfig"; path = "Pods/Target Support Files/Pods-ExpandingCalendar/Pods-ExpandingCalendar.release.xcconfig"; sourceTree = "<group>"; };
/* End PBXFileReference section */

/* Begin PBXFrameworksBuildPhase section */
		3E38B8CA208B7F03001EF24F /* Frameworks */ = {
			isa = PBXFrameworksBuildPhase;
			buildActionMask = 2147483647;
			files = (
				6402E95F96714E5947A32DD8 /* Pods_ExpandingCalendar.framework in Frameworks */,
			);
			runOnlyForDeploymentPostprocessing = 0;
		};
/* End PBXFrameworksBuildPhase section */

/* Begin PBXGroup section */
		364AC3DC7B9475EFFFE03C7D /* Pods */ = {
			isa = PBXGroup;
			children = (
				A2514B8F3DC99D4739030AF9 /* Pods-ExpandingCalendar.debug.xcconfig */,
				DE7CA8A97C419273EE9EE29F /* Pods-ExpandingCalendar.release.xcconfig */,
			);
			name = Pods;
			sourceTree = "<group>";
		};
		3E38B8C4208B7F03001EF24F = {
			isa = PBXGroup;
			children = (
				3E38B8CF208B7F03001EF24F /* ExpandingCalendar */,
				3E38B8CE208B7F03001EF24F /* Products */,
				364AC3DC7B9475EFFFE03C7D /* Pods */,
				6D675A6D9ADD124912221F97 /* Frameworks */,
			);
			sourceTree = "<group>";
		};
		3E38B8CE208B7F03001EF24F /* Products */ = {
			isa = PBXGroup;
			children = (
				3E38B8CD208B7F03001EF24F /* ExpandingCalendar.app */,
			);
			name = Products;
			sourceTree = "<group>";
		};
		3E38B8CF208B7F03001EF24F /* ExpandingCalendar */ = {
			isa = PBXGroup;
			children = (
				3E38B8E6208B827A001EF24F /* Extension */,
				3E38B8E3208B80AC001EF24F /* ViewControllers */,
				3E38B8E2208B809F001EF24F /* Cells */,
				3E38B8D0208B7F03001EF24F /* AppDelegate.swift */,
				3E38B8D7208B7F05001EF24F /* Assets.xcassets */,
				3E38B8D9208B7F05001EF24F /* LaunchScreen.storyboard */,
				3E38B8DC208B7F05001EF24F /* Info.plist */,
			);
			path = ExpandingCalendar;
			sourceTree = "<group>";
		};
		3E38B8E2208B809F001EF24F /* Cells */ = {
			isa = PBXGroup;
			children = (
				3E38B8E4208B8105001EF24F /* CustomCell.swift */,
			);
			path = Cells;
			sourceTree = "<group>";
		};
		3E38B8E3208B80AC001EF24F /* ViewControllers */ = {
			isa = PBXGroup;
			children = (
				3E38B8ED208B979F001EF24F /* MainVC.swift */,
				3E38B8EE208B979F001EF24F /* MainVC.xib */,
			);
			path = ViewControllers;
			sourceTree = "<group>";
		};
		3E38B8E6208B827A001EF24F /* Extension */ = {
			isa = PBXGroup;
			children = (
				3E38B8E7208B828A001EF24F /* NSObject + reuseIdentifier.swift */,
			);
			path = Extension;
			sourceTree = "<group>";
		};
		6D675A6D9ADD124912221F97 /* Frameworks */ = {
			isa = PBXGroup;
			children = (
				3A37E13E907D4494B8ED0333 /* Pods_ExpandingCalendar.framework */,
			);
			name = Frameworks;
			sourceTree = "<group>";
		};
/* End PBXGroup section */

/* Begin PBXNativeTarget section */
		3E38B8CC208B7F03001EF24F /* ExpandingCalendar */ = {
			isa = PBXNativeTarget;
			buildConfigurationList = 3E38B8DF208B7F05001EF24F /* Build configuration list for PBXNativeTarget "ExpandingCalendar" */;
			buildPhases = (
				776CDDD3C8C847E84CECC715 /* [CP] Check Pods Manifest.lock */,
				3E38B8C9208B7F03001EF24F /* Sources */,
				3E38B8CA208B7F03001EF24F /* Frameworks */,
				3E38B8CB208B7F03001EF24F /* Resources */,
				487212DEA5A7D3C1361EAC84 /* [CP] Embed Pods Frameworks */,
			);
			buildRules = (
			);
			dependencies = (
			);
			name = ExpandingCalendar;
			productName = ExpandingCalendar;
			productReference = 3E38B8CD208B7F03001EF24F /* ExpandingCalendar.app */;
			productType = "com.apple.product-type.application";
		};
/* End PBXNativeTarget section */

/* Begin PBXProject section */
		3E38B8C5208B7F03001EF24F /* Project object */ = {
			isa = PBXProject;
			attributes = {
				LastSwiftUpdateCheck = 0930;
				LastUpgradeCheck = 0930;
				ORGANIZATIONNAME = "이동건";
				TargetAttributes = {
					3E38B8CC208B7F03001EF24F = {
						CreatedOnToolsVersion = 9.3;
					};
				};
			};
			buildConfigurationList = 3E38B8C8208B7F03001EF24F /* Build configuration list for PBXProject "ExpandingCalendar" */;
			compatibilityVersion = "Xcode 9.3";
			developmentRegion = en;
			hasScannedForEncodings = 0;
			knownRegions = (
				en,
				Base,
			);
			mainGroup = 3E38B8C4208B7F03001EF24F;
			productRefGroup = 3E38B8CE208B7F03001EF24F /* Products */;
			projectDirPath = "";
			projectRoot = "";
			targets = (
				3E38B8CC208B7F03001EF24F /* ExpandingCalendar */,
			);
		};
/* End PBXProject section */

/* Begin PBXResourcesBuildPhase section */
		3E38B8CB208B7F03001EF24F /* Resources */ = {
			isa = PBXResourcesBuildPhase;
			buildActionMask = 2147483647;
			files = (
				3E38B8F0208B979F001EF24F /* MainVC.xib in Resources */,
				3E38B8DB208B7F05001EF24F /* LaunchScreen.storyboard in Resources */,
				3E38B8D8208B7F05001EF24F /* Assets.xcassets in Resources */,
			);
			runOnlyForDeploymentPostprocessing = 0;
		};
/* End PBXResourcesBuildPhase section */

/* Begin PBXShellScriptBuildPhase section */
		487212DEA5A7D3C1361EAC84 /* [CP] Embed Pods Frameworks */ = {
			isa = PBXShellScriptBuildPhase;
			buildActionMask = 2147483647;
			files = (
			);
			inputPaths = (
				"${SRCROOT}/Pods/Target Support Files/Pods-ExpandingCalendar/Pods-ExpandingCalendar-frameworks.sh",
				"${BUILT_PRODUCTS_DIR}/JTAppleCalendar/JTAppleCalendar.framework",
			);
			name = "[CP] Embed Pods Frameworks";
			outputPaths = (
				"${TARGET_BUILD_DIR}/${FRAMEWORKS_FOLDER_PATH}/JTAppleCalendar.framework",
			);
			runOnlyForDeploymentPostprocessing = 0;
			shellPath = /bin/sh;
			shellScript = "\"${SRCROOT}/Pods/Target Support Files/Pods-ExpandingCalendar/Pods-ExpandingCalendar-frameworks.sh\"\n";
			showEnvVarsInLog = 0;
		};
		776CDDD3C8C847E84CECC715 /* [CP] Check Pods Manifest.lock */ = {
			isa = PBXShellScriptBuildPhase;
			buildActionMask = 2147483647;
			files = (
			);
			inputPaths = (
				"${PODS_PODFILE_DIR_PATH}/Podfile.lock",
				"${PODS_ROOT}/Manifest.lock",
			);
			name = "[CP] Check Pods Manifest.lock";
			outputPaths = (
				"$(DERIVED_FILE_DIR)/Pods-ExpandingCalendar-checkManifestLockResult.txt",
			);
			runOnlyForDeploymentPostprocessing = 0;
			shellPath = /bin/sh;
			shellScript = "diff \"${PODS_PODFILE_DIR_PATH}/Podfile.lock\" \"${PODS_ROOT}/Manifest.lock\" > /dev/null\nif [ $? != 0 ] ; then\n    # print error to STDERR\n    echo \"error: The sandbox is not in sync with the Podfile.lock. Run 'pod install' or update your CocoaPods installation.\" >&2\n    exit 1\nfi\n# This output is used by Xcode 'outputs' to avoid re-running this script phase.\necho \"SUCCESS\" > \"${SCRIPT_OUTPUT_FILE_0}\"\n";
			showEnvVarsInLog = 0;
		};
/* End PBXShellScriptBuildPhase section */

/* Begin PBXSourcesBuildPhase section */
		3E38B8C9208B7F03001EF24F /* Sources */ = {
			isa = PBXSourcesBuildPhase;
			buildActionMask = 2147483647;
			files = (
				3E38B8EF208B979F001EF24F /* MainVC.swift in Sources */,
				3E38B8E5208B8105001EF24F /* CustomCell.swift in Sources */,
				3E38B8E8208B828A001EF24F /* NSObject + reuseIdentifier.swift in Sources */,
				3E38B8D1208B7F03001EF24F /* AppDelegate.swift in Sources */,
			);
			runOnlyForDeploymentPostprocessing = 0;
		};
/* End PBXSourcesBuildPhase section */

/* Begin PBXVariantGroup section */
		3E38B8D9208B7F05001EF24F /* LaunchScreen.storyboard */ = {
			isa = PBXVariantGroup;
			children = (
				3E38B8DA208B7F05001EF24F /* Base */,
			);
			name = LaunchScreen.storyboard;
			sourceTree = "<group>";
		};
/* End PBXVariantGroup section */

/* Begin XCBuildConfiguration section */
		3E38B8DD208B7F05001EF24F /* Debug */ = {
			isa = XCBuildConfiguration;
			buildSettings = {
				ALWAYS_SEARCH_USER_PATHS = NO;
				CLANG_ANALYZER_NONNULL = YES;
				CLANG_ANALYZER_NUMBER_OBJECT_CONVERSION = YES_AGGRESSIVE;
				CLANG_CXX_LANGUAGE_STANDARD = "gnu++14";
				CLANG_CXX_LIBRARY = "libc++";
				CLANG_ENABLE_MODULES = YES;
				CLANG_ENABLE_OBJC_ARC = YES;
				CLANG_ENABLE_OBJC_WEAK = YES;
				CLANG_WARN_BLOCK_CAPTURE_AUTORELEASING = YES;
				CLANG_WARN_BOOL_CONVERSION = YES;
				CLANG_WARN_COMMA = YES;
				CLANG_WARN_CONSTANT_CONVERSION = YES;
				CLANG_WARN_DEPRECATED_OBJC_IMPLEMENTATIONS = YES;
				CLANG_WARN_DIRECT_OBJC_ISA_USAGE = YES_ERROR;
				CLANG_WARN_DOCUMENTATION_COMMENTS = YES;
				CLANG_WARN_EMPTY_BODY = YES;
				CLANG_WARN_ENUM_CONVERSION = YES;
				CLANG_WARN_INFINITE_RECURSION = YES;
				CLANG_WARN_INT_CONVERSION = YES;
				CLANG_WARN_NON_LITERAL_NULL_CONVERSION = YES;
				CLANG_WARN_OBJC_IMPLICIT_RETAIN_SELF = YES;
				CLANG_WARN_OBJC_LITERAL_CONVERSION = YES;
				CLANG_WARN_OBJC_ROOT_CLASS = YES_ERROR;
				CLANG_WARN_RANGE_LOOP_ANALYSIS = YES;
				CLANG_WARN_STRICT_PROTOTYPES = YES;
				CLANG_WARN_SUSPICIOUS_MOVE = YES;
				CLANG_WARN_UNGUARDED_AVAILABILITY = YES_AGGRESSIVE;
				CLANG_WARN_UNREACHABLE_CODE = YES;
				CLANG_WARN__DUPLICATE_METHOD_MATCH = YES;
				CODE_SIGN_IDENTITY = "iPhone Developer";
				COPY_PHASE_STRIP = NO;
				DEBUG_INFORMATION_FORMAT = dwarf;
				ENABLE_STRICT_OBJC_MSGSEND = YES;
				ENABLE_TESTABILITY = YES;
				GCC_C_LANGUAGE_STANDARD = gnu11;
				GCC_DYNAMIC_NO_PIC = NO;
				GCC_NO_COMMON_BLOCKS = YES;
				GCC_OPTIMIZATION_LEVEL = 0;
				GCC_PREPROCESSOR_DEFINITIONS = (
					"DEBUG=1",
					"$(inherited)",
				);
				GCC_WARN_64_TO_32_BIT_CONVERSION = YES;
				GCC_WARN_ABOUT_RETURN_TYPE = YES_ERROR;
				GCC_WARN_UNDECLARED_SELECTOR = YES;
				GCC_WARN_UNINITIALIZED_AUTOS = YES_AGGRESSIVE;
				GCC_WARN_UNUSED_FUNCTION = YES;
				GCC_WARN_UNUSED_VARIABLE = YES;
				IPHONEOS_DEPLOYMENT_TARGET = 11.3;
				MTL_ENABLE_DEBUG_INFO = YES;
				ONLY_ACTIVE_ARCH = YES;
				SDKROOT = iphoneos;
				SWIFT_ACTIVE_COMPILATION_CONDITIONS = DEBUG;
				SWIFT_OPTIMIZATION_LEVEL = "-Onone";
			};
			name = Debug;
		};
		3E38B8DE208B7F05001EF24F /* Release */ = {
			isa = XCBuildConfiguration;
			buildSettings = {
				ALWAYS_SEARCH_USER_PATHS = NO;
				CLANG_ANALYZER_NONNULL = YES;
				CLANG_ANALYZER_NUMBER_OBJECT_CONVERSION = YES_AGGRESSIVE;
				CLANG_CXX_LANGUAGE_STANDARD = "gnu++14";
				CLANG_CXX_LIBRARY = "libc++";
				CLANG_ENABLE_MODULES = YES;
				CLANG_ENABLE_OBJC_ARC = YES;
				CLANG_ENABLE_OBJC_WEAK = YES;
				CLANG_WARN_BLOCK_CAPTURE_AUTORELEASING = YES;
				CLANG_WARN_BOOL_CONVERSION = YES;
				CLANG_WARN_COMMA = YES;
				CLANG_WARN_CONSTANT_CONVERSION = YES;
				CLANG_WARN_DEPRECATED_OBJC_IMPLEMENTATIONS = YES;
				CLANG_WARN_DIRECT_OBJC_ISA_USAGE = YES_ERROR;
				CLANG_WARN_DOCUMENTATION_COMMENTS = YES;
				CLANG_WARN_EMPTY_BODY = YES;
				CLANG_WARN_ENUM_CONVERSION = YES;
				CLANG_WARN_INFINITE_RECURSION = YES;
				CLANG_WARN_INT_CONVERSION = YES;
				CLANG_WARN_NON_LITERAL_NULL_CONVERSION = YES;
				CLANG_WARN_OBJC_IMPLICIT_RETAIN_SELF = YES;
				CLANG_WARN_OBJC_LITERAL_CONVERSION = YES;
				CLANG_WARN_OBJC_ROOT_CLASS = YES_ERROR;
				CLANG_WARN_RANGE_LOOP_ANALYSIS = YES;
				CLANG_WARN_STRICT_PROTOTYPES = YES;
				CLANG_WARN_SUSPICIOUS_MOVE = YES;
				CLANG_WARN_UNGUARDED_AVAILABILITY = YES_AGGRESSIVE;
				CLANG_WARN_UNREACHABLE_CODE = YES;
				CLANG_WARN__DUPLICATE_METHOD_MATCH = YES;
				CODE_SIGN_IDENTITY = "iPhone Developer";
				COPY_PHASE_STRIP = NO;
				DEBUG_INFORMATION_FORMAT = "dwarf-with-dsym";
				ENABLE_NS_ASSERTIONS = NO;
				ENABLE_STRICT_OBJC_MSGSEND = YES;
				GCC_C_LANGUAGE_STANDARD = gnu11;
				GCC_NO_COMMON_BLOCKS = YES;
				GCC_WARN_64_TO_32_BIT_CONVERSION = YES;
				GCC_WARN_ABOUT_RETURN_TYPE = YES_ERROR;
				GCC_WARN_UNDECLARED_SELECTOR = YES;
				GCC_WARN_UNINITIALIZED_AUTOS = YES_AGGRESSIVE;
				GCC_WARN_UNUSED_FUNCTION = YES;
				GCC_WARN_UNUSED_VARIABLE = YES;
				IPHONEOS_DEPLOYMENT_TARGET = 11.3;
				MTL_ENABLE_DEBUG_INFO = NO;
				SDKROOT = iphoneos;
				SWIFT_COMPILATION_MODE = wholemodule;
				SWIFT_OPTIMIZATION_LEVEL = "-O";
				VALIDATE_PRODUCT = YES;
			};
			name = Release;
		};
		3E38B8E0208B7F05001EF24F /* Debug */ = {
			isa = XCBuildConfiguration;
			baseConfigurationReference = A2514B8F3DC99D4739030AF9 /* Pods-ExpandingCalendar.debug.xcconfig */;
			buildSettings = {
				ASSETCATALOG_COMPILER_APPICON_NAME = AppIcon;
				CODE_SIGN_STYLE = Automatic;
				DEVELOPMENT_TEAM = 452DHHAC9T;
				INFOPLIST_FILE = ExpandingCalendar/Info.plist;
				LD_RUNPATH_SEARCH_PATHS = (
					"$(inherited)",
					"@executable_path/Frameworks",
				);
				PRODUCT_BUNDLE_IDENTIFIER = com.ExpandingCalendar;
				PRODUCT_NAME = "$(TARGET_NAME)";
				SWIFT_VERSION = 4.0;
				TARGETED_DEVICE_FAMILY = 1;
			};
			name = Debug;
		};
		3E38B8E1208B7F05001EF24F /* Release */ = {
			isa = XCBuildConfiguration;
			baseConfigurationReference = DE7CA8A97C419273EE9EE29F /* Pods-ExpandingCalendar.release.xcconfig */;
			buildSettings = {
				ASSETCATALOG_COMPILER_APPICON_NAME = AppIcon;
				CODE_SIGN_STYLE = Automatic;
				DEVELOPMENT_TEAM = 452DHHAC9T;
				INFOPLIST_FILE = ExpandingCalendar/Info.plist;
				LD_RUNPATH_SEARCH_PATHS = (
					"$(inherited)",
					"@executable_path/Frameworks",
				);
				PRODUCT_BUNDLE_IDENTIFIER = com.ExpandingCalendar;
				PRODUCT_NAME = "$(TARGET_NAME)";
				SWIFT_VERSION = 4.0;
				TARGETED_DEVICE_FAMILY = 1;
			};
			name = Release;
		};
/* End XCBuildConfiguration section */

/* Begin XCConfigurationList section */
		3E38B8C8208B7F03001EF24F /* Build configuration list for PBXProject "ExpandingCalendar" */ = {
			isa = XCConfigurationList;
			buildConfigurations = (
				3E38B8DD208B7F05001EF24F /* Debug */,
				3E38B8DE208B7F05001EF24F /* Release */,
			);
			defaultConfigurationIsVisible = 0;
			defaultConfigurationName = Release;
		};
		3E38B8DF208B7F05001EF24F /* Build configuration list for PBXNativeTarget "ExpandingCalendar" */ = {
			isa = XCConfigurationList;
			buildConfigurations = (
				3E38B8E0208B7F05001EF24F /* Debug */,
				3E38B8E1208B7F05001EF24F /* Release */,
			);
			defaultConfigurationIsVisible = 0;
			defaultConfigurationName = Release;
		};
/* End XCConfigurationList section */
	};
	rootObject = 3E38B8C5208B7F03001EF24F /* Project object */;
}
