// !$*UTF8*$!
{
	archiveVersion = 1;
	classes = {
	};
	objectVersion = 48;
	objects = {

/* Begin PBXBuildFile section */
		3EE946BE2001D220008128D7 /* AppDelegate.swift in Sources */ = {isa = PBXBuildFile; fileRef = 3EE946BD2001D220008128D7 /* AppDelegate.swift */; };
		3EE946C02001D220008128D7 /* ViewController.swift in Sources */ = {isa = PBXBuildFile; fileRef = 3EE946BF2001D220008128D7 /* ViewController.swift */; };
		3EE946C32001D220008128D7 /* Main.storyboard in Resources */ = {isa = PBXBuildFile; fileRef = 3EE946C12001D220008128D7 /* Main.storyboard */; };
		3EE946C52001D220008128D7 /* Assets.xcassets in Resources */ = {isa = PBXBuildFile; fileRef = 3EE946C42001D220008128D7 /* Assets.xcassets */; };
		3EE946C82001D220008128D7 /* LaunchScreen.storyboard in Resources */ = {isa = PBXBuildFile; fileRef = 3EE946C62001D220008128D7 /* LaunchScreen.storyboard */; };
		C55CCE34494EBFD9A8439020 /* Pods_key_chain_in_iOS.framework in Frameworks */ = {isa = PBXBuildFile; fileRef = AA5CED4B807FB1F28D89F58B /* Pods_key_chain_in_iOS.framework */; };
/* End PBXBuildFile section */

/* Begin PBXFileReference section */
		21BB29A554AE8D841835CCB4 /* Pods-key-chain in iOS.release.xcconfig */ = {isa = PBXFileReference; includeInIndex = 1; lastKnownFileType = text.xcconfig; name = "Pods-key-chain in iOS.release.xcconfig"; path = "Pods/Target Support Files/Pods-key-chain in iOS/Pods-key-chain in iOS.release.xcconfig"; sourceTree = "<group>"; };
		3EE946BA2001D220008128D7 /* key-chain in iOS.app */ = {isa = PBXFileReference; explicitFileType = wrapper.application; includeInIndex = 0; path = "key-chain in iOS.app"; sourceTree = BUILT_PRODUCTS_DIR; };
		3EE946BD2001D220008128D7 /* AppDelegate.swift */ = {isa = PBXFileReference; lastKnownFileType = sourcecode.swift; path = AppDelegate.swift; sourceTree = "<group>"; };
		3EE946BF2001D220008128D7 /* ViewController.swift */ = {isa = PBXFileReference; lastKnownFileType = sourcecode.swift; path = ViewController.swift; sourceTree = "<group>"; };
		3EE946C22001D220008128D7 /* Base */ = {isa = PBXFileReference; lastKnownFileType = file.storyboard; name = Base; path = Base.lproj/Main.storyboard; sourceTree = "<group>"; };
		3EE946C42001D220008128D7 /* Assets.xcassets */ = {isa = PBXFileReference; lastKnownFileType = folder.assetcatalog; path = Assets.xcassets; sourceTree = "<group>"; };
		3EE946C72001D220008128D7 /* Base */ = {isa = PBXFileReference; lastKnownFileType = file.storyboard; name = Base; path = Base.lproj/LaunchScreen.storyboard; sourceTree = "<group>"; };
		3EE946C92001D220008128D7 /* Info.plist */ = {isa = PBXFileReference; lastKnownFileType = text.plist.xml; path = Info.plist; sourceTree = "<group>"; };
		AA5CED4B807FB1F28D89F58B /* Pods_key_chain_in_iOS.framework */ = {isa = PBXFileReference; explicitFileType = wrapper.framework; includeInIndex = 0; path = Pods_key_chain_in_iOS.framework; sourceTree = BUILT_PRODUCTS_DIR; };
		C66AD9DB5A35E173C48879C0 /* Pods-key-chain in iOS.debug.xcconfig */ = {isa = PBXFileReference; includeInIndex = 1; lastKnownFileType = text.xcconfig; name = "Pods-key-chain in iOS.debug.xcconfig"; path = "Pods/Target Support Files/Pods-key-chain in iOS/Pods-key-chain in iOS.debug.xcconfig"; sourceTree = "<group>"; };
/* End PBXFileReference section */

/* Begin PBXFrameworksBuildPhase section */
		3EE946B72001D220008128D7 /* Frameworks */ = {
			isa = PBXFrameworksBuildPhase;
			buildActionMask = 2147483647;
			files = (
				C55CCE34494EBFD9A8439020 /* Pods_key_chain_in_iOS.framework in Frameworks */,
			);
			runOnlyForDeploymentPostprocessing = 0;
		};
/* End PBXFrameworksBuildPhase section */

/* Begin PBXGroup section */
		3AB48A79BE38562FDCB7A19E /* Frameworks */ = {
			isa = PBXGroup;
			children = (
				AA5CED4B807FB1F28D89F58B /* Pods_key_chain_in_iOS.framework */,
			);
			name = Frameworks;
			sourceTree = "<group>";
		};
		3EE946B12001D220008128D7 = {
			isa = PBXGroup;
			children = (
				3EE946BC2001D220008128D7 /* key-chain in iOS */,
				3EE946BB2001D220008128D7 /* Products */,
				E21F6173941D13228168DDED /* Pods */,
				3AB48A79BE38562FDCB7A19E /* Frameworks */,
			);
			sourceTree = "<group>";
		};
		3EE946BB2001D220008128D7 /* Products */ = {
			isa = PBXGroup;
			children = (
				3EE946BA2001D220008128D7 /* key-chain in iOS.app */,
			);
			name = Products;
			sourceTree = "<group>";
		};
		3EE946BC2001D220008128D7 /* key-chain in iOS */ = {
			isa = PBXGroup;
			children = (
				3EE946BD2001D220008128D7 /* AppDelegate.swift */,
				3EE946BF2001D220008128D7 /* ViewController.swift */,
				3EE946C12001D220008128D7 /* Main.storyboard */,
				3EE946C42001D220008128D7 /* Assets.xcassets */,
				3EE946C62001D220008128D7 /* LaunchScreen.storyboard */,
				3EE946C92001D220008128D7 /* Info.plist */,
			);
			path = "key-chain in iOS";
			sourceTree = "<group>";
		};
		E21F6173941D13228168DDED /* Pods */ = {
			isa = PBXGroup;
			children = (
				C66AD9DB5A35E173C48879C0 /* Pods-key-chain in iOS.debug.xcconfig */,
				21BB29A554AE8D841835CCB4 /* Pods-key-chain in iOS.release.xcconfig */,
			);
			name = Pods;
			sourceTree = "<group>";
		};
/* End PBXGroup section */

/* Begin PBXNativeTarget section */
		3EE946B92001D220008128D7 /* key-chain in iOS */ = {
			isa = PBXNativeTarget;
			buildConfigurationList = 3EE946CC2001D220008128D7 /* Build configuration list for PBXNativeTarget "key-chain in iOS" */;
			buildPhases = (
				4768CF29A363805D20E20081 /* [CP] Check Pods Manifest.lock */,
				3EE946B62001D220008128D7 /* Sources */,
				3EE946B72001D220008128D7 /* Frameworks */,
				3EE946B82001D220008128D7 /* Resources */,
				F4F4376CB55677217E7492E4 /* [CP] Embed Pods Frameworks */,
				26DC616D5663AEE9209E8871 /* [CP] Copy Pods Resources */,
			);
			buildRules = (
			);
			dependencies = (
			);
			name = "key-chain in iOS";
			productName = "key-chain in iOS";
			productReference = 3EE946BA2001D220008128D7 /* key-chain in iOS.app */;
			productType = "com.apple.product-type.application";
		};
/* End PBXNativeTarget section */

/* Begin PBXProject section */
		3EE946B22001D220008128D7 /* Project object */ = {
			isa = PBXProject;
			attributes = {
				LastSwiftUpdateCheck = 0920;
				LastUpgradeCheck = 0920;
				ORGANIZATIONNAME = "이동건";
				TargetAttributes = {
					3EE946B92001D220008128D7 = {
						CreatedOnToolsVersion = 9.2;
						ProvisioningStyle = Automatic;
					};
				};
			};
			buildConfigurationList = 3EE946B52001D220008128D7 /* Build configuration list for PBXProject "key-chain in iOS" */;
			compatibilityVersion = "Xcode 8.0";
			developmentRegion = en;
			hasScannedForEncodings = 0;
			knownRegions = (
				en,
				Base,
			);
			mainGroup = 3EE946B12001D220008128D7;
			productRefGroup = 3EE946BB2001D220008128D7 /* Products */;
			projectDirPath = "";
			projectRoot = "";
			targets = (
				3EE946B92001D220008128D7 /* key-chain in iOS */,
			);
		};
/* End PBXProject section */

/* Begin PBXResourcesBuildPhase section */
		3EE946B82001D220008128D7 /* Resources */ = {
			isa = PBXResourcesBuildPhase;
			buildActionMask = 2147483647;
			files = (
				3EE946C82001D220008128D7 /* LaunchScreen.storyboard in Resources */,
				3EE946C52001D220008128D7 /* Assets.xcassets in Resources */,
				3EE946C32001D220008128D7 /* Main.storyboard in Resources */,
			);
			runOnlyForDeploymentPostprocessing = 0;
		};
/* End PBXResourcesBuildPhase section */

/* Begin PBXShellScriptBuildPhase section */
		26DC616D5663AEE9209E8871 /* [CP] Copy Pods Resources */ = {
			isa = PBXShellScriptBuildPhase;
			buildActionMask = 2147483647;
			files = (
			);
			inputPaths = (
			);
			name = "[CP] Copy Pods Resources";
			outputPaths = (
			);
			runOnlyForDeploymentPostprocessing = 0;
			shellPath = /bin/sh;
			shellScript = "\"${SRCROOT}/Pods/Target Support Files/Pods-key-chain in iOS/Pods-key-chain in iOS-resources.sh\"\n";
			showEnvVarsInLog = 0;
		};
		4768CF29A363805D20E20081 /* [CP] Check Pods Manifest.lock */ = {
			isa = PBXShellScriptBuildPhase;
			buildActionMask = 2147483647;
			files = (
			);
			inputPaths = (
				"${PODS_PODFILE_DIR_PATH}/Podfile.lock",
				"${PODS_ROOT}/Manifest.lock",
			);
			name = "[CP] Check Pods Manifest.lock";
			outputPaths = (
				"$(DERIVED_FILE_DIR)/Pods-key-chain in iOS-checkManifestLockResult.txt",
			);
			runOnlyForDeploymentPostprocessing = 0;
			shellPath = /bin/sh;
			shellScript = "diff \"${PODS_PODFILE_DIR_PATH}/Podfile.lock\" \"${PODS_ROOT}/Manifest.lock\" > /dev/null\nif [ $? != 0 ] ; then\n    # print error to STDERR\n    echo \"error: The sandbox is not in sync with the Podfile.lock. Run 'pod install' or update your CocoaPods installation.\" >&2\n    exit 1\nfi\n# This output is used by Xcode 'outputs' to avoid re-running this script phase.\necho \"SUCCESS\" > \"${SCRIPT_OUTPUT_FILE_0}\"\n";
			showEnvVarsInLog = 0;
		};
		F4F4376CB55677217E7492E4 /* [CP] Embed Pods Frameworks */ = {
			isa = PBXShellScriptBuildPhase;
			buildActionMask = 2147483647;
			files = (
			);
			inputPaths = (
				"${SRCROOT}/Pods/Target Support Files/Pods-key-chain in iOS/Pods-key-chain in iOS-frameworks.sh",
				"${BUILT_PRODUCTS_DIR}/SwiftKeychainWrapper/SwiftKeychainWrapper.framework",
			);
			name = "[CP] Embed Pods Frameworks";
			outputPaths = (
				"${TARGET_BUILD_DIR}/${FRAMEWORKS_FOLDER_PATH}/SwiftKeychainWrapper.framework",
			);
			runOnlyForDeploymentPostprocessing = 0;
			shellPath = /bin/sh;
			shellScript = "\"${SRCROOT}/Pods/Target Support Files/Pods-key-chain in iOS/Pods-key-chain in iOS-frameworks.sh\"\n";
			showEnvVarsInLog = 0;
		};
/* End PBXShellScriptBuildPhase section */

/* Begin PBXSourcesBuildPhase section */
		3EE946B62001D220008128D7 /* Sources */ = {
			isa = PBXSourcesBuildPhase;
			buildActionMask = 2147483647;
			files = (
				3EE946C02001D220008128D7 /* ViewController.swift in Sources */,
				3EE946BE2001D220008128D7 /* AppDelegate.swift in Sources */,
			);
			runOnlyForDeploymentPostprocessing = 0;
		};
/* End PBXSourcesBuildPhase section */

/* Begin PBXVariantGroup section */
		3EE946C12001D220008128D7 /* Main.storyboard */ = {
			isa = PBXVariantGroup;
			children = (
				3EE946C22001D220008128D7 /* Base */,
			);
			name = Main.storyboard;
			sourceTree = "<group>";
		};
		3EE946C62001D220008128D7 /* LaunchScreen.storyboard */ = {
			isa = PBXVariantGroup;
			children = (
				3EE946C72001D220008128D7 /* Base */,
			);
			name = LaunchScreen.storyboard;
			sourceTree = "<group>";
		};
/* End PBXVariantGroup section */

/* Begin XCBuildConfiguration section */
		3EE946CA2001D220008128D7 /* Debug */ = {
			isa = XCBuildConfiguration;
			buildSettings = {
				ALWAYS_SEARCH_USER_PATHS = NO;
				CLANG_ANALYZER_NONNULL = YES;
				CLANG_ANALYZER_NUMBER_OBJECT_CONVERSION = YES_AGGRESSIVE;
				CLANG_CXX_LANGUAGE_STANDARD = "gnu++14";
				CLANG_CXX_LIBRARY = "libc++";
				CLANG_ENABLE_MODULES = YES;
				CLANG_ENABLE_OBJC_ARC = YES;
				CLANG_WARN_BLOCK_CAPTURE_AUTORELEASING = YES;
				CLANG_WARN_BOOL_CONVERSION = YES;
				CLANG_WARN_COMMA = YES;
				CLANG_WARN_CONSTANT_CONVERSION = YES;
				CLANG_WARN_DIRECT_OBJC_ISA_USAGE = YES_ERROR;
				CLANG_WARN_DOCUMENTATION_COMMENTS = YES;
				CLANG_WARN_EMPTY_BODY = YES;
				CLANG_WARN_ENUM_CONVERSION = YES;
				CLANG_WARN_INFINITE_RECURSION = YES;
				CLANG_WARN_INT_CONVERSION = YES;
				CLANG_WARN_NON_LITERAL_NULL_CONVERSION = YES;
				CLANG_WARN_OBJC_LITERAL_CONVERSION = YES;
				CLANG_WARN_OBJC_ROOT_CLASS = YES_ERROR;
				CLANG_WARN_RANGE_LOOP_ANALYSIS = YES;
				CLANG_WARN_STRICT_PROTOTYPES = YES;
				CLANG_WARN_SUSPICIOUS_MOVE = YES;
				CLANG_WARN_UNGUARDED_AVAILABILITY = YES_AGGRESSIVE;
				CLANG_WARN_UNREACHABLE_CODE = YES;
				CLANG_WARN__DUPLICATE_METHOD_MATCH = YES;
				CODE_SIGN_IDENTITY = "iPhone Developer";
				COPY_PHASE_STRIP = NO;
				DEBUG_INFORMATION_FORMAT = dwarf;
				ENABLE_STRICT_OBJC_MSGSEND = YES;
				ENABLE_TESTABILITY = YES;
				GCC_C_LANGUAGE_STANDARD = gnu11;
				GCC_DYNAMIC_NO_PIC = NO;
				GCC_NO_COMMON_BLOCKS = YES;
				GCC_OPTIMIZATION_LEVEL = 0;
				GCC_PREPROCESSOR_DEFINITIONS = (
					"DEBUG=1",
					"$(inherited)",
				);
				GCC_WARN_64_TO_32_BIT_CONVERSION = YES;
				GCC_WARN_ABOUT_RETURN_TYPE = YES_ERROR;
				GCC_WARN_UNDECLARED_SELECTOR = YES;
				GCC_WARN_UNINITIALIZED_AUTOS = YES_AGGRESSIVE;
				GCC_WARN_UNUSED_FUNCTION = YES;
				GCC_WARN_UNUSED_VARIABLE = YES;
				IPHONEOS_DEPLOYMENT_TARGET = 11.2;
				MTL_ENABLE_DEBUG_INFO = YES;
				ONLY_ACTIVE_ARCH = YES;
				SDKROOT = iphoneos;
				SWIFT_ACTIVE_COMPILATION_CONDITIONS = DEBUG;
				SWIFT_OPTIMIZATION_LEVEL = "-Onone";
			};
			name = Debug;
		};
		3EE946CB2001D220008128D7 /* Release */ = {
			isa = XCBuildConfiguration;
			buildSettings = {
				ALWAYS_SEARCH_USER_PATHS = NO;
				CLANG_ANALYZER_NONNULL = YES;
				CLANG_ANALYZER_NUMBER_OBJECT_CONVERSION = YES_AGGRESSIVE;
				CLANG_CXX_LANGUAGE_STANDARD = "gnu++14";
				CLANG_CXX_LIBRARY = "libc++";
				CLANG_ENABLE_MODULES = YES;
				CLANG_ENABLE_OBJC_ARC = YES;
				CLANG_WARN_BLOCK_CAPTURE_AUTORELEASING = YES;
				CLANG_WARN_BOOL_CONVERSION = YES;
				CLANG_WARN_COMMA = YES;
				CLANG_WARN_CONSTANT_CONVERSION = YES;
				CLANG_WARN_DIRECT_OBJC_ISA_USAGE = YES_ERROR;
				CLANG_WARN_DOCUMENTATION_COMMENTS = YES;
				CLANG_WARN_EMPTY_BODY = YES;
				CLANG_WARN_ENUM_CONVERSION = YES;
				CLANG_WARN_INFINITE_RECURSION = YES;
				CLANG_WARN_INT_CONVERSION = YES;
				CLANG_WARN_NON_LITERAL_NULL_CONVERSION = YES;
				CLANG_WARN_OBJC_LITERAL_CONVERSION = YES;
				CLANG_WARN_OBJC_ROOT_CLASS = YES_ERROR;
				CLANG_WARN_RANGE_LOOP_ANALYSIS = YES;
				CLANG_WARN_STRICT_PROTOTYPES = YES;
				CLANG_WARN_SUSPICIOUS_MOVE = YES;
				CLANG_WARN_UNGUARDED_AVAILABILITY = YES_AGGRESSIVE;
				CLANG_WARN_UNREACHABLE_CODE = YES;
				CLANG_WARN__DUPLICATE_METHOD_MATCH = YES;
				CODE_SIGN_IDENTITY = "iPhone Developer";
				COPY_PHASE_STRIP = NO;
				DEBUG_INFORMATION_FORMAT = "dwarf-with-dsym";
				ENABLE_NS_ASSERTIONS = NO;
				ENABLE_STRICT_OBJC_MSGSEND = YES;
				GCC_C_LANGUAGE_STANDARD = gnu11;
				GCC_NO_COMMON_BLOCKS = YES;
				GCC_WARN_64_TO_32_BIT_CONVERSION = YES;
				GCC_WARN_ABOUT_RETURN_TYPE = YES_ERROR;
				GCC_WARN_UNDECLARED_SELECTOR = YES;
				GCC_WARN_UNINITIALIZED_AUTOS = YES_AGGRESSIVE;
				GCC_WARN_UNUSED_FUNCTION = YES;
				GCC_WARN_UNUSED_VARIABLE = YES;
				IPHONEOS_DEPLOYMENT_TARGET = 11.2;
				MTL_ENABLE_DEBUG_INFO = NO;
				SDKROOT = iphoneos;
				SWIFT_OPTIMIZATION_LEVEL = "-Owholemodule";
				VALIDATE_PRODUCT = YES;
			};
			name = Release;
		};
		3EE946CD2001D220008128D7 /* Debug */ = {
			isa = XCBuildConfiguration;
			baseConfigurationReference = C66AD9DB5A35E173C48879C0 /* Pods-key-chain in iOS.debug.xcconfig */;
			buildSettings = {
				ASSETCATALOG_COMPILER_APPICON_NAME = AppIcon;
				CODE_SIGN_STYLE = Automatic;
				DEVELOPMENT_TEAM = 452DHHAC9T;
				INFOPLIST_FILE = "key-chain in iOS/Info.plist";
				IPHONEOS_DEPLOYMENT_TARGET = 10.0;
				LD_RUNPATH_SEARCH_PATHS = "$(inherited) @executable_path/Frameworks";
				PRODUCT_BUNDLE_IDENTIFIER = "com.tutorial.key-chain-in-iOS";
				PRODUCT_NAME = "$(TARGET_NAME)";
				SWIFT_VERSION = 4.0;
				TARGETED_DEVICE_FAMILY = 1;
			};
			name = Debug;
		};
		3EE946CE2001D220008128D7 /* Release */ = {
			isa = XCBuildConfiguration;
			baseConfigurationReference = 21BB29A554AE8D841835CCB4 /* Pods-key-chain in iOS.release.xcconfig */;
			buildSettings = {
				ASSETCATALOG_COMPILER_APPICON_NAME = AppIcon;
				CODE_SIGN_STYLE = Automatic;
				DEVELOPMENT_TEAM = 452DHHAC9T;
				INFOPLIST_FILE = "key-chain in iOS/Info.plist";
				IPHONEOS_DEPLOYMENT_TARGET = 10.0;
				LD_RUNPATH_SEARCH_PATHS = "$(inherited) @executable_path/Frameworks";
				PRODUCT_BUNDLE_IDENTIFIER = "com.tutorial.key-chain-in-iOS";
				PRODUCT_NAME = "$(TARGET_NAME)";
				SWIFT_VERSION = 4.0;
				TARGETED_DEVICE_FAMILY = 1;
			};
			name = Release;
		};
/* End XCBuildConfiguration section */

/* Begin XCConfigurationList section */
		3EE946B52001D220008128D7 /* Build configuration list for PBXProject "key-chain in iOS" */ = {
			isa = XCConfigurationList;
			buildConfigurations = (
				3EE946CA2001D220008128D7 /* Debug */,
				3EE946CB2001D220008128D7 /* Release */,
			);
			defaultConfigurationIsVisible = 0;
			defaultConfigurationName = Release;
		};
		3EE946CC2001D220008128D7 /* Build configuration list for PBXNativeTarget "key-chain in iOS" */ = {
			isa = XCConfigurationList;
			buildConfigurations = (
				3EE946CD2001D220008128D7 /* Debug */,
				3EE946CE2001D220008128D7 /* Release */,
			);
			defaultConfigurationIsVisible = 0;
			defaultConfigurationName = Release;
		};
/* End XCConfigurationList section */
	};
	rootObject = 3EE946B22001D220008128D7 /* Project object */;
}
