// !$*UTF8*$!
{
	archiveVersion = 1;
	classes = {
	};
	objectVersion = 48;
	objects = {

/* Begin PBXBuildFile section */
		3E8147AF1F8B1D520015A3CB /* AppDelegate.swift in Sources */ = {isa = PBXBuildFile; fileRef = 3E8147AE1F8B1D520015A3CB /* AppDelegate.swift */; };
		3E8147B11F8B1D520015A3CB /* ViewController.swift in Sources */ = {isa = PBXBuildFile; fileRef = 3E8147B01F8B1D520015A3CB /* ViewController.swift */; };
		3E8147B41F8B1D520015A3CB /* Main.storyboard in Resources */ = {isa = PBXBuildFile; fileRef = 3E8147B21F8B1D520015A3CB /* Main.storyboard */; };
		3E8147B61F8B1D520015A3CB /* Assets.xcassets in Resources */ = {isa = PBXBuildFile; fileRef = 3E8147B51F8B1D520015A3CB /* Assets.xcassets */; };
		3E8147B91F8B1D520015A3CB /* LaunchScreen.storyboard in Resources */ = {isa = PBXBuildFile; fileRef = 3E8147B71F8B1D520015A3CB /* LaunchScreen.storyboard */; };
		3E8147C11F8B1E410015A3CB /* CustomCell.swift in Sources */ = {isa = PBXBuildFile; fileRef = 3E8147C01F8B1E410015A3CB /* CustomCell.swift */; };
		3E8147EC1F8B4FB60015A3CB /* clouds.png in Resources */ = {isa = PBXBuildFile; fileRef = 3E8147E71F8B4FB60015A3CB /* clouds.png */; };
		3E8147ED1F8B4FB60015A3CB /* rain.png in Resources */ = {isa = PBXBuildFile; fileRef = 3E8147E81F8B4FB60015A3CB /* rain.png */; };
		3E8147EE1F8B4FB60015A3CB /* sun.png in Resources */ = {isa = PBXBuildFile; fileRef = 3E8147E91F8B4FB60015A3CB /* sun.png */; };
		3E8147EF1F8B4FB60015A3CB /* snowflake.png in Resources */ = {isa = PBXBuildFile; fileRef = 3E8147EA1F8B4FB60015A3CB /* snowflake.png */; };
		3E8147F01F8B4FB60015A3CB /* lightning.png in Resources */ = {isa = PBXBuildFile; fileRef = 3E8147EB1F8B4FB60015A3CB /* lightning.png */; };
/* End PBXBuildFile section */

/* Begin PBXFileReference section */
		3E8147AB1F8B1D520015A3CB /* tistory_custom_tableview_posting_example.app */ = {isa = PBXFileReference; explicitFileType = wrapper.application; includeInIndex = 0; path = tistory_custom_tableview_posting_example.app; sourceTree = BUILT_PRODUCTS_DIR; };
		3E8147AE1F8B1D520015A3CB /* AppDelegate.swift */ = {isa = PBXFileReference; lastKnownFileType = sourcecode.swift; path = AppDelegate.swift; sourceTree = "<group>"; };
		3E8147B01F8B1D520015A3CB /* ViewController.swift */ = {isa = PBXFileReference; lastKnownFileType = sourcecode.swift; path = ViewController.swift; sourceTree = "<group>"; };
		3E8147B31F8B1D520015A3CB /* Base */ = {isa = PBXFileReference; lastKnownFileType = file.storyboard; name = Base; path = Base.lproj/Main.storyboard; sourceTree = "<group>"; };
		3E8147B51F8B1D520015A3CB /* Assets.xcassets */ = {isa = PBXFileReference; lastKnownFileType = folder.assetcatalog; path = Assets.xcassets; sourceTree = "<group>"; };
		3E8147B81F8B1D520015A3CB /* Base */ = {isa = PBXFileReference; lastKnownFileType = file.storyboard; name = Base; path = Base.lproj/LaunchScreen.storyboard; sourceTree = "<group>"; };
		3E8147BA1F8B1D520015A3CB /* Info.plist */ = {isa = PBXFileReference; lastKnownFileType = text.plist.xml; path = Info.plist; sourceTree = "<group>"; };
		3E8147C01F8B1E410015A3CB /* CustomCell.swift */ = {isa = PBXFileReference; lastKnownFileType = sourcecode.swift; path = CustomCell.swift; sourceTree = "<group>"; };
		3E8147E71F8B4FB60015A3CB /* clouds.png */ = {isa = PBXFileReference; lastKnownFileType = image.png; path = clouds.png; sourceTree = "<group>"; };
		3E8147E81F8B4FB60015A3CB /* rain.png */ = {isa = PBXFileReference; lastKnownFileType = image.png; path = rain.png; sourceTree = "<group>"; };
		3E8147E91F8B4FB60015A3CB /* sun.png */ = {isa = PBXFileReference; lastKnownFileType = image.png; path = sun.png; sourceTree = "<group>"; };
		3E8147EA1F8B4FB60015A3CB /* snowflake.png */ = {isa = PBXFileReference; lastKnownFileType = image.png; path = snowflake.png; sourceTree = "<group>"; };
		3E8147EB1F8B4FB60015A3CB /* lightning.png */ = {isa = PBXFileReference; lastKnownFileType = image.png; path = lightning.png; sourceTree = "<group>"; };
/* End PBXFileReference section */

/* Begin PBXFrameworksBuildPhase section */
		3E8147A81F8B1D520015A3CB /* Frameworks */ = {
			isa = PBXFrameworksBuildPhase;
			buildActionMask = 2147483647;
			files = (
			);
			runOnlyForDeploymentPostprocessing = 0;
		};
/* End PBXFrameworksBuildPhase section */

/* Begin PBXGroup section */
		3E8147A21F8B1D520015A3CB = {
			isa = PBXGroup;
			children = (
				3E8147AD1F8B1D520015A3CB /* tistory_custom_tableview_posting_example */,
				3E8147AC1F8B1D520015A3CB /* Products */,
			);
			sourceTree = "<group>";
		};
		3E8147AC1F8B1D520015A3CB /* Products */ = {
			isa = PBXGroup;
			children = (
				3E8147AB1F8B1D520015A3CB /* tistory_custom_tableview_posting_example.app */,
			);
			name = Products;
			sourceTree = "<group>";
		};
		3E8147AD1F8B1D520015A3CB /* tistory_custom_tableview_posting_example */ = {
			isa = PBXGroup;
			children = (
				3E8147E61F8B4FA90015A3CB /* Resource */,
				3E8147AE1F8B1D520015A3CB /* AppDelegate.swift */,
				3E8147B01F8B1D520015A3CB /* ViewController.swift */,
				3E8147B21F8B1D520015A3CB /* Main.storyboard */,
				3E8147B51F8B1D520015A3CB /* Assets.xcassets */,
				3E8147B71F8B1D520015A3CB /* LaunchScreen.storyboard */,
				3E8147C01F8B1E410015A3CB /* CustomCell.swift */,
				3E8147BA1F8B1D520015A3CB /* Info.plist */,
			);
			path = tistory_custom_tableview_posting_example;
			sourceTree = "<group>";
		};
		3E8147E61F8B4FA90015A3CB /* Resource */ = {
			isa = PBXGroup;
			children = (
				3E8147E71F8B4FB60015A3CB /* clouds.png */,
				3E8147EB1F8B4FB60015A3CB /* lightning.png */,
				3E8147E81F8B4FB60015A3CB /* rain.png */,
				3E8147EA1F8B4FB60015A3CB /* snowflake.png */,
				3E8147E91F8B4FB60015A3CB /* sun.png */,
			);
			path = Resource;
			sourceTree = "<group>";
		};
/* End PBXGroup section */

/* Begin PBXNativeTarget section */
		3E8147AA1F8B1D520015A3CB /* tistory_custom_tableview_posting_example */ = {
			isa = PBXNativeTarget;
			buildConfigurationList = 3E8147BD1F8B1D520015A3CB /* Build configuration list for PBXNativeTarget "tistory_custom_tableview_posting_example" */;
			buildPhases = (
				3E8147A71F8B1D520015A3CB /* Sources */,
				3E8147A81F8B1D520015A3CB /* Frameworks */,
				3E8147A91F8B1D520015A3CB /* Resources */,
			);
			buildRules = (
			);
			dependencies = (
			);
			name = tistory_custom_tableview_posting_example;
			productName = tistory_custom_tableview_posting_example;
			productReference = 3E8147AB1F8B1D520015A3CB /* tistory_custom_tableview_posting_example.app */;
			productType = "com.apple.product-type.application";
		};
/* End PBXNativeTarget section */

/* Begin PBXProject section */
		3E8147A31F8B1D520015A3CB /* Project object */ = {
			isa = PBXProject;
			attributes = {
				LastSwiftUpdateCheck = 0900;
				LastUpgradeCheck = 0900;
				ORGANIZATIONNAME = "이동건";
				TargetAttributes = {
					3E8147AA1F8B1D520015A3CB = {
						CreatedOnToolsVersion = 9.0;
						ProvisioningStyle = Automatic;
					};
				};
			};
			buildConfigurationList = 3E8147A61F8B1D520015A3CB /* Build configuration list for PBXProject "tistory_custom_tableview_posting_example" */;
			compatibilityVersion = "Xcode 8.0";
			developmentRegion = en;
			hasScannedForEncodings = 0;
			knownRegions = (
				en,
				Base,
			);
			mainGroup = 3E8147A21F8B1D520015A3CB;
			productRefGroup = 3E8147AC1F8B1D520015A3CB /* Products */;
			projectDirPath = "";
			projectRoot = "";
			targets = (
				3E8147AA1F8B1D520015A3CB /* tistory_custom_tableview_posting_example */,
			);
		};
/* End PBXProject section */

/* Begin PBXResourcesBuildPhase section */
		3E8147A91F8B1D520015A3CB /* Resources */ = {
			isa = PBXResourcesBuildPhase;
			buildActionMask = 2147483647;
			files = (
				3E8147EE1F8B4FB60015A3CB /* sun.png in Resources */,
				3E8147EF1F8B4FB60015A3CB /* snowflake.png in Resources */,
				3E8147B91F8B1D520015A3CB /* LaunchScreen.storyboard in Resources */,
				3E8147ED1F8B4FB60015A3CB /* rain.png in Resources */,
				3E8147F01F8B4FB60015A3CB /* lightning.png in Resources */,
				3E8147B61F8B1D520015A3CB /* Assets.xcassets in Resources */,
				3E8147B41F8B1D520015A3CB /* Main.storyboard in Resources */,
				3E8147EC1F8B4FB60015A3CB /* clouds.png in Resources */,
			);
			runOnlyForDeploymentPostprocessing = 0;
		};
/* End PBXResourcesBuildPhase section */

/* Begin PBXSourcesBuildPhase section */
		3E8147A71F8B1D520015A3CB /* Sources */ = {
			isa = PBXSourcesBuildPhase;
			buildActionMask = 2147483647;
			files = (
				3E8147B11F8B1D520015A3CB /* ViewController.swift in Sources */,
				3E8147C11F8B1E410015A3CB /* CustomCell.swift in Sources */,
				3E8147AF1F8B1D520015A3CB /* AppDelegate.swift in Sources */,
			);
			runOnlyForDeploymentPostprocessing = 0;
		};
/* End PBXSourcesBuildPhase section */

/* Begin PBXVariantGroup section */
		3E8147B21F8B1D520015A3CB /* Main.storyboard */ = {
			isa = PBXVariantGroup;
			children = (
				3E8147B31F8B1D520015A3CB /* Base */,
			);
			name = Main.storyboard;
			sourceTree = "<group>";
		};
		3E8147B71F8B1D520015A3CB /* LaunchScreen.storyboard */ = {
			isa = PBXVariantGroup;
			children = (
				3E8147B81F8B1D520015A3CB /* Base */,
			);
			name = LaunchScreen.storyboard;
			sourceTree = "<group>";
		};
/* End PBXVariantGroup section */

/* Begin XCBuildConfiguration section */
		3E8147BB1F8B1D520015A3CB /* Debug */ = {
			isa = XCBuildConfiguration;
			buildSettings = {
				ALWAYS_SEARCH_USER_PATHS = NO;
				CLANG_ANALYZER_NONNULL = YES;
				CLANG_ANALYZER_NUMBER_OBJECT_CONVERSION = YES_AGGRESSIVE;
				CLANG_CXX_LANGUAGE_STANDARD = "gnu++14";
				CLANG_CXX_LIBRARY = "libc++";
				CLANG_ENABLE_MODULES = YES;
				CLANG_ENABLE_OBJC_ARC = YES;
				CLANG_WARN_BLOCK_CAPTURE_AUTORELEASING = YES;
				CLANG_WARN_BOOL_CONVERSION = YES;
				CLANG_WARN_COMMA = YES;
				CLANG_WARN_CONSTANT_CONVERSION = YES;
				CLANG_WARN_DIRECT_OBJC_ISA_USAGE = YES_ERROR;
				CLANG_WARN_DOCUMENTATION_COMMENTS = YES;
				CLANG_WARN_EMPTY_BODY = YES;
				CLANG_WARN_ENUM_CONVERSION = YES;
				CLANG_WARN_INFINITE_RECURSION = YES;
				CLANG_WARN_INT_CONVERSION = YES;
				CLANG_WARN_NON_LITERAL_NULL_CONVERSION = YES;
				CLANG_WARN_OBJC_LITERAL_CONVERSION = YES;
				CLANG_WARN_OBJC_ROOT_CLASS = YES_ERROR;
				CLANG_WARN_RANGE_LOOP_ANALYSIS = YES;
				CLANG_WARN_STRICT_PROTOTYPES = YES;
				CLANG_WARN_SUSPICIOUS_MOVE = YES;
				CLANG_WARN_UNGUARDED_AVAILABILITY = YES_AGGRESSIVE;
				CLANG_WARN_UNREACHABLE_CODE = YES;
				CLANG_WARN__DUPLICATE_METHOD_MATCH = YES;
				CODE_SIGN_IDENTITY = "iPhone Developer";
				COPY_PHASE_STRIP = NO;
				DEBUG_INFORMATION_FORMAT = dwarf;
				ENABLE_STRICT_OBJC_MSGSEND = YES;
				ENABLE_TESTABILITY = YES;
				GCC_C_LANGUAGE_STANDARD = gnu11;
				GCC_DYNAMIC_NO_PIC = NO;
				GCC_NO_COMMON_BLOCKS = YES;
				GCC_OPTIMIZATION_LEVEL = 0;
				GCC_PREPROCESSOR_DEFINITIONS = (
					"DEBUG=1",
					"$(inherited)",
				);
				GCC_WARN_64_TO_32_BIT_CONVERSION = YES;
				GCC_WARN_ABOUT_RETURN_TYPE = YES_ERROR;
				GCC_WARN_UNDECLARED_SELECTOR = YES;
				GCC_WARN_UNINITIALIZED_AUTOS = YES_AGGRESSIVE;
				GCC_WARN_UNUSED_FUNCTION = YES;
				GCC_WARN_UNUSED_VARIABLE = YES;
				IPHONEOS_DEPLOYMENT_TARGET = 11.0;
				MTL_ENABLE_DEBUG_INFO = YES;
				ONLY_ACTIVE_ARCH = YES;
				SDKROOT = iphoneos;
				SWIFT_ACTIVE_COMPILATION_CONDITIONS = DEBUG;
				SWIFT_OPTIMIZATION_LEVEL = "-Onone";
			};
			name = Debug;
		};
		3E8147BC1F8B1D520015A3CB /* Release */ = {
			isa = XCBuildConfiguration;
			buildSettings = {
				ALWAYS_SEARCH_USER_PATHS = NO;
				CLANG_ANALYZER_NONNULL = YES;
				CLANG_ANALYZER_NUMBER_OBJECT_CONVERSION = YES_AGGRESSIVE;
				CLANG_CXX_LANGUAGE_STANDARD = "gnu++14";
				CLANG_CXX_LIBRARY = "libc++";
				CLANG_ENABLE_MODULES = YES;
				CLANG_ENABLE_OBJC_ARC = YES;
				CLANG_WARN_BLOCK_CAPTURE_AUTORELEASING = YES;
				CLANG_WARN_BOOL_CONVERSION = YES;
				CLANG_WARN_COMMA = YES;
				CLANG_WARN_CONSTANT_CONVERSION = YES;
				CLANG_WARN_DIRECT_OBJC_ISA_USAGE = YES_ERROR;
				CLANG_WARN_DOCUMENTATION_COMMENTS = YES;
				CLANG_WARN_EMPTY_BODY = YES;
				CLANG_WARN_ENUM_CONVERSION = YES;
				CLANG_WARN_INFINITE_RECURSION = YES;
				CLANG_WARN_INT_CONVERSION = YES;
				CLANG_WARN_NON_LITERAL_NULL_CONVERSION = YES;
				CLANG_WARN_OBJC_LITERAL_CONVERSION = YES;
				CLANG_WARN_OBJC_ROOT_CLASS = YES_ERROR;
				CLANG_WARN_RANGE_LOOP_ANALYSIS = YES;
				CLANG_WARN_STRICT_PROTOTYPES = YES;
				CLANG_WARN_SUSPICIOUS_MOVE = YES;
				CLANG_WARN_UNGUARDED_AVAILABILITY = YES_AGGRESSIVE;
				CLANG_WARN_UNREACHABLE_CODE = YES;
				CLANG_WARN__DUPLICATE_METHOD_MATCH = YES;
				CODE_SIGN_IDENTITY = "iPhone Developer";
				COPY_PHASE_STRIP = NO;
				DEBUG_INFORMATION_FORMAT = "dwarf-with-dsym";
				ENABLE_NS_ASSERTIONS = NO;
				ENABLE_STRICT_OBJC_MSGSEND = YES;
				GCC_C_LANGUAGE_STANDARD = gnu11;
				GCC_NO_COMMON_BLOCKS = YES;
				GCC_WARN_64_TO_32_BIT_CONVERSION = YES;
				GCC_WARN_ABOUT_RETURN_TYPE = YES_ERROR;
				GCC_WARN_UNDECLARED_SELECTOR = YES;
				GCC_WARN_UNINITIALIZED_AUTOS = YES_AGGRESSIVE;
				GCC_WARN_UNUSED_FUNCTION = YES;
				GCC_WARN_UNUSED_VARIABLE = YES;
				IPHONEOS_DEPLOYMENT_TARGET = 11.0;
				MTL_ENABLE_DEBUG_INFO = NO;
				SDKROOT = iphoneos;
				SWIFT_OPTIMIZATION_LEVEL = "-Owholemodule";
				VALIDATE_PRODUCT = YES;
			};
			name = Release;
		};
		3E8147BE1F8B1D520015A3CB /* Debug */ = {
			isa = XCBuildConfiguration;
			buildSettings = {
				ASSETCATALOG_COMPILER_APPICON_NAME = AppIcon;
				CODE_SIGN_STYLE = Automatic;
				DEVELOPMENT_TEAM = 452DHHAC9T;
				INFOPLIST_FILE = tistory_custom_tableview_posting_example/Info.plist;
				LD_RUNPATH_SEARCH_PATHS = "$(inherited) @executable_path/Frameworks";
				PRODUCT_BUNDLE_IDENTIFIER = "com.bakedcorn.ex.tistory-custom-tableview-posting-example";
				PRODUCT_NAME = "$(TARGET_NAME)";
				SWIFT_VERSION = 4.0;
				TARGETED_DEVICE_FAMILY = "1,2";
			};
			name = Debug;
		};
		3E8147BF1F8B1D520015A3CB /* Release */ = {
			isa = XCBuildConfiguration;
			buildSettings = {
				ASSETCATALOG_COMPILER_APPICON_NAME = AppIcon;
				CODE_SIGN_STYLE = Automatic;
				DEVELOPMENT_TEAM = 452DHHAC9T;
				INFOPLIST_FILE = tistory_custom_tableview_posting_example/Info.plist;
				LD_RUNPATH_SEARCH_PATHS = "$(inherited) @executable_path/Frameworks";
				PRODUCT_BUNDLE_IDENTIFIER = "com.bakedcorn.ex.tistory-custom-tableview-posting-example";
				PRODUCT_NAME = "$(TARGET_NAME)";
				SWIFT_VERSION = 4.0;
				TARGETED_DEVICE_FAMILY = "1,2";
			};
			name = Release;
		};
/* End XCBuildConfiguration section */

/* Begin XCConfigurationList section */
		3E8147A61F8B1D520015A3CB /* Build configuration list for PBXProject "tistory_custom_tableview_posting_example" */ = {
			isa = XCConfigurationList;
			buildConfigurations = (
				3E8147BB1F8B1D520015A3CB /* Debug */,
				3E8147BC1F8B1D520015A3CB /* Release */,
			);
			defaultConfigurationIsVisible = 0;
			defaultConfigurationName = Release;
		};
		3E8147BD1F8B1D520015A3CB /* Build configuration list for PBXNativeTarget "tistory_custom_tableview_posting_example" */ = {
			isa = XCConfigurationList;
			buildConfigurations = (
				3E8147BE1F8B1D520015A3CB /* Debug */,
				3E8147BF1F8B1D520015A3CB /* Release */,
			);
			defaultConfigurationIsVisible = 0;
			defaultConfigurationName = Release;
		};
/* End XCConfigurationList section */
	};
	rootObject = 3E8147A31F8B1D520015A3CB /* Project object */;
}
