// !$*UTF8*$!
{
	archiveVersion = 1;
	classes = {
	};
	objectVersion = 50;
	objects = {

/* Begin PBXBuildFile section */
		3E82ABB92086ED8D0010691A /* AppDelegate.swift in Sources */ = {isa = PBXBuildFile; fileRef = 3E82ABB82086ED8D0010691A /* AppDelegate.swift */; };
		3E82ABC02086ED8E0010691A /* Assets.xcassets in Resources */ = {isa = PBXBuildFile; fileRef = 3E82ABBF2086ED8E0010691A /* Assets.xcassets */; };
		3E82ABC32086ED8E0010691A /* LaunchScreen.storyboard in Resources */ = {isa = PBXBuildFile; fileRef = 3E82ABC12086ED8E0010691A /* LaunchScreen.storyboard */; };
		3E82ABCB2086EDA50010691A /* MainVC.swift in Sources */ = {isa = PBXBuildFile; fileRef = 3E82ABCA2086EDA50010691A /* MainVC.swift */; };
		3E82ABCF2086F51F0010691A /* CustomCell.swift in Sources */ = {isa = PBXBuildFile; fileRef = 3E82ABCD2086F51F0010691A /* CustomCell.swift */; };
		3E82ABD02086F51F0010691A /* CustomCell.xib in Resources */ = {isa = PBXBuildFile; fileRef = 3E82ABCE2086F51F0010691A /* CustomCell.xib */; };
		3E82ABD32086F5640010691A /* NSObject + reusableIdentifier.swift in Sources */ = {isa = PBXBuildFile; fileRef = 3E82ABD22086F5640010691A /* NSObject + reusableIdentifier.swift */; };
/* End PBXBuildFile section */

/* Begin PBXFileReference section */
		3E82ABB52086ED8D0010691A /* CustomTabBar.app */ = {isa = PBXFileReference; explicitFileType = wrapper.application; includeInIndex = 0; path = CustomTabBar.app; sourceTree = BUILT_PRODUCTS_DIR; };
		3E82ABB82086ED8D0010691A /* AppDelegate.swift */ = {isa = PBXFileReference; lastKnownFileType = sourcecode.swift; path = AppDelegate.swift; sourceTree = "<group>"; };
		3E82ABBF2086ED8E0010691A /* Assets.xcassets */ = {isa = PBXFileReference; lastKnownFileType = folder.assetcatalog; path = Assets.xcassets; sourceTree = "<group>"; };
		3E82ABC22086ED8E0010691A /* Base */ = {isa = PBXFileReference; lastKnownFileType = file.storyboard; name = Base; path = Base.lproj/LaunchScreen.storyboard; sourceTree = "<group>"; };
		3E82ABC42086ED8E0010691A /* Info.plist */ = {isa = PBXFileReference; lastKnownFileType = text.plist.xml; path = Info.plist; sourceTree = "<group>"; };
		3E82ABCA2086EDA50010691A /* MainVC.swift */ = {isa = PBXFileReference; lastKnownFileType = sourcecode.swift; path = MainVC.swift; sourceTree = "<group>"; };
		3E82ABCD2086F51F0010691A /* CustomCell.swift */ = {isa = PBXFileReference; lastKnownFileType = sourcecode.swift; path = CustomCell.swift; sourceTree = "<group>"; };
		3E82ABCE2086F51F0010691A /* CustomCell.xib */ = {isa = PBXFileReference; lastKnownFileType = file.xib; path = CustomCell.xib; sourceTree = "<group>"; };
		3E82ABD22086F5640010691A /* NSObject + reusableIdentifier.swift */ = {isa = PBXFileReference; lastKnownFileType = sourcecode.swift; path = "NSObject + reusableIdentifier.swift"; sourceTree = "<group>"; };
/* End PBXFileReference section */

/* Begin PBXFrameworksBuildPhase section */
		3E82ABB22086ED8D0010691A /* Frameworks */ = {
			isa = PBXFrameworksBuildPhase;
			buildActionMask = 2147483647;
			files = (
			);
			runOnlyForDeploymentPostprocessing = 0;
		};
/* End PBXFrameworksBuildPhase section */

/* Begin PBXGroup section */
		3E82ABAC2086ED8D0010691A = {
			isa = PBXGroup;
			children = (
				3E82ABB72086ED8D0010691A /* CustomTabBar */,
				3E82ABB62086ED8D0010691A /* Products */,
			);
			sourceTree = "<group>";
		};
		3E82ABB62086ED8D0010691A /* Products */ = {
			isa = PBXGroup;
			children = (
				3E82ABB52086ED8D0010691A /* CustomTabBar.app */,
			);
			name = Products;
			sourceTree = "<group>";
		};
		3E82ABB72086ED8D0010691A /* CustomTabBar */ = {
			isa = PBXGroup;
			children = (
				3E82ABD12086F54B0010691A /* Extensions */,
				3E82ABCC2086F5040010691A /* Cells */,
				3E82ABB82086ED8D0010691A /* AppDelegate.swift */,
				3E82ABBF2086ED8E0010691A /* Assets.xcassets */,
				3E82ABC12086ED8E0010691A /* LaunchScreen.storyboard */,
				3E82ABC42086ED8E0010691A /* Info.plist */,
				3E82ABCA2086EDA50010691A /* MainVC.swift */,
			);
			path = CustomTabBar;
			sourceTree = "<group>";
		};
		3E82ABCC2086F5040010691A /* Cells */ = {
			isa = PBXGroup;
			children = (
				3E82ABCD2086F51F0010691A /* CustomCell.swift */,
				3E82ABCE2086F51F0010691A /* CustomCell.xib */,
			);
			path = Cells;
			sourceTree = "<group>";
		};
		3E82ABD12086F54B0010691A /* Extensions */ = {
			isa = PBXGroup;
			children = (
				3E82ABD22086F5640010691A /* NSObject + reusableIdentifier.swift */,
			);
			path = Extensions;
			sourceTree = "<group>";
		};
/* End PBXGroup section */

/* Begin PBXNativeTarget section */
		3E82ABB42086ED8D0010691A /* CustomTabBar */ = {
			isa = PBXNativeTarget;
			buildConfigurationList = 3E82ABC72086ED8E0010691A /* Build configuration list for PBXNativeTarget "CustomTabBar" */;
			buildPhases = (
				3E82ABB12086ED8D0010691A /* Sources */,
				3E82ABB22086ED8D0010691A /* Frameworks */,
				3E82ABB32086ED8D0010691A /* Resources */,
			);
			buildRules = (
			);
			dependencies = (
			);
			name = CustomTabBar;
			productName = CustomTabBar;
			productReference = 3E82ABB52086ED8D0010691A /* CustomTabBar.app */;
			productType = "com.apple.product-type.application";
		};
/* End PBXNativeTarget section */

/* Begin PBXProject section */
		3E82ABAD2086ED8D0010691A /* Project object */ = {
			isa = PBXProject;
			attributes = {
				LastSwiftUpdateCheck = 0930;
				LastUpgradeCheck = 0930;
				ORGANIZATIONNAME = "이동건";
				TargetAttributes = {
					3E82ABB42086ED8D0010691A = {
						CreatedOnToolsVersion = 9.3;
					};
				};
			};
			buildConfigurationList = 3E82ABB02086ED8D0010691A /* Build configuration list for PBXProject "CustomTabBar" */;
			compatibilityVersion = "Xcode 9.3";
			developmentRegion = en;
			hasScannedForEncodings = 0;
			knownRegions = (
				en,
				Base,
			);
			mainGroup = 3E82ABAC2086ED8D0010691A;
			productRefGroup = 3E82ABB62086ED8D0010691A /* Products */;
			projectDirPath = "";
			projectRoot = "";
			targets = (
				3E82ABB42086ED8D0010691A /* CustomTabBar */,
			);
		};
/* End PBXProject section */

/* Begin PBXResourcesBuildPhase section */
		3E82ABB32086ED8D0010691A /* Resources */ = {
			isa = PBXResourcesBuildPhase;
			buildActionMask = 2147483647;
			files = (
				3E82ABD02086F51F0010691A /* CustomCell.xib in Resources */,
				3E82ABC32086ED8E0010691A /* LaunchScreen.storyboard in Resources */,
				3E82ABC02086ED8E0010691A /* Assets.xcassets in Resources */,
			);
			runOnlyForDeploymentPostprocessing = 0;
		};
/* End PBXResourcesBuildPhase section */

/* Begin PBXSourcesBuildPhase section */
		3E82ABB12086ED8D0010691A /* Sources */ = {
			isa = PBXSourcesBuildPhase;
			buildActionMask = 2147483647;
			files = (
				3E82ABB92086ED8D0010691A /* AppDelegate.swift in Sources */,
				3E82ABCF2086F51F0010691A /* CustomCell.swift in Sources */,
				3E82ABCB2086EDA50010691A /* MainVC.swift in Sources */,
				3E82ABD32086F5640010691A /* NSObject + reusableIdentifier.swift in Sources */,
			);
			runOnlyForDeploymentPostprocessing = 0;
		};
/* End PBXSourcesBuildPhase section */

/* Begin PBXVariantGroup section */
		3E82ABC12086ED8E0010691A /* LaunchScreen.storyboard */ = {
			isa = PBXVariantGroup;
			children = (
				3E82ABC22086ED8E0010691A /* Base */,
			);
			name = LaunchScreen.storyboard;
			sourceTree = "<group>";
		};
/* End PBXVariantGroup section */

/* Begin XCBuildConfiguration section */
		3E82ABC52086ED8E0010691A /* Debug */ = {
			isa = XCBuildConfiguration;
			buildSettings = {
				ALWAYS_SEARCH_USER_PATHS = NO;
				CLANG_ANALYZER_NONNULL = YES;
				CLANG_ANALYZER_NUMBER_OBJECT_CONVERSION = YES_AGGRESSIVE;
				CLANG_CXX_LANGUAGE_STANDARD = "gnu++14";
				CLANG_CXX_LIBRARY = "libc++";
				CLANG_ENABLE_MODULES = YES;
				CLANG_ENABLE_OBJC_ARC = YES;
				CLANG_ENABLE_OBJC_WEAK = YES;
				CLANG_WARN_BLOCK_CAPTURE_AUTORELEASING = YES;
				CLANG_WARN_BOOL_CONVERSION = YES;
				CLANG_WARN_COMMA = YES;
				CLANG_WARN_CONSTANT_CONVERSION = YES;
				CLANG_WARN_DEPRECATED_OBJC_IMPLEMENTATIONS = YES;
				CLANG_WARN_DIRECT_OBJC_ISA_USAGE = YES_ERROR;
				CLANG_WARN_DOCUMENTATION_COMMENTS = YES;
				CLANG_WARN_EMPTY_BODY = YES;
				CLANG_WARN_ENUM_CONVERSION = YES;
				CLANG_WARN_INFINITE_RECURSION = YES;
				CLANG_WARN_INT_CONVERSION = YES;
				CLANG_WARN_NON_LITERAL_NULL_CONVERSION = YES;
				CLANG_WARN_OBJC_IMPLICIT_RETAIN_SELF = YES;
				CLANG_WARN_OBJC_LITERAL_CONVERSION = YES;
				CLANG_WARN_OBJC_ROOT_CLASS = YES_ERROR;
				CLANG_WARN_RANGE_LOOP_ANALYSIS = YES;
				CLANG_WARN_STRICT_PROTOTYPES = YES;
				CLANG_WARN_SUSPICIOUS_MOVE = YES;
				CLANG_WARN_UNGUARDED_AVAILABILITY = YES_AGGRESSIVE;
				CLANG_WARN_UNREACHABLE_CODE = YES;
				CLANG_WARN__DUPLICATE_METHOD_MATCH = YES;
				CODE_SIGN_IDENTITY = "iPhone Developer";
				COPY_PHASE_STRIP = NO;
				DEBUG_INFORMATION_FORMAT = dwarf;
				ENABLE_STRICT_OBJC_MSGSEND = YES;
				ENABLE_TESTABILITY = YES;
				GCC_C_LANGUAGE_STANDARD = gnu11;
				GCC_DYNAMIC_NO_PIC = NO;
				GCC_NO_COMMON_BLOCKS = YES;
				GCC_OPTIMIZATION_LEVEL = 0;
				GCC_PREPROCESSOR_DEFINITIONS = (
					"DEBUG=1",
					"$(inherited)",
				);
				GCC_WARN_64_TO_32_BIT_CONVERSION = YES;
				GCC_WARN_ABOUT_RETURN_TYPE = YES_ERROR;
				GCC_WARN_UNDECLARED_SELECTOR = YES;
				GCC_WARN_UNINITIALIZED_AUTOS = YES_AGGRESSIVE;
				GCC_WARN_UNUSED_FUNCTION = YES;
				GCC_WARN_UNUSED_VARIABLE = YES;
				IPHONEOS_DEPLOYMENT_TARGET = 11.3;
				MTL_ENABLE_DEBUG_INFO = YES;
				ONLY_ACTIVE_ARCH = YES;
				SDKROOT = iphoneos;
				SWIFT_ACTIVE_COMPILATION_CONDITIONS = DEBUG;
				SWIFT_OPTIMIZATION_LEVEL = "-Onone";
			};
			name = Debug;
		};
		3E82ABC62086ED8E0010691A /* Release */ = {
			isa = XCBuildConfiguration;
			buildSettings = {
				ALWAYS_SEARCH_USER_PATHS = NO;
				CLANG_ANALYZER_NONNULL = YES;
				CLANG_ANALYZER_NUMBER_OBJECT_CONVERSION = YES_AGGRESSIVE;
				CLANG_CXX_LANGUAGE_STANDARD = "gnu++14";
				CLANG_CXX_LIBRARY = "libc++";
				CLANG_ENABLE_MODULES = YES;
				CLANG_ENABLE_OBJC_ARC = YES;
				CLANG_ENABLE_OBJC_WEAK = YES;
				CLANG_WARN_BLOCK_CAPTURE_AUTORELEASING = YES;
				CLANG_WARN_BOOL_CONVERSION = YES;
				CLANG_WARN_COMMA = YES;
				CLANG_WARN_CONSTANT_CONVERSION = YES;
				CLANG_WARN_DEPRECATED_OBJC_IMPLEMENTATIONS = YES;
				CLANG_WARN_DIRECT_OBJC_ISA_USAGE = YES_ERROR;
				CLANG_WARN_DOCUMENTATION_COMMENTS = YES;
				CLANG_WARN_EMPTY_BODY = YES;
				CLANG_WARN_ENUM_CONVERSION = YES;
				CLANG_WARN_INFINITE_RECURSION = YES;
				CLANG_WARN_INT_CONVERSION = YES;
				CLANG_WARN_NON_LITERAL_NULL_CONVERSION = YES;
				CLANG_WARN_OBJC_IMPLICIT_RETAIN_SELF = YES;
				CLANG_WARN_OBJC_LITERAL_CONVERSION = YES;
				CLANG_WARN_OBJC_ROOT_CLASS = YES_ERROR;
				CLANG_WARN_RANGE_LOOP_ANALYSIS = YES;
				CLANG_WARN_STRICT_PROTOTYPES = YES;
				CLANG_WARN_SUSPICIOUS_MOVE = YES;
				CLANG_WARN_UNGUARDED_AVAILABILITY = YES_AGGRESSIVE;
				CLANG_WARN_UNREACHABLE_CODE = YES;
				CLANG_WARN__DUPLICATE_METHOD_MATCH = YES;
				CODE_SIGN_IDENTITY = "iPhone Developer";
				COPY_PHASE_STRIP = NO;
				DEBUG_INFORMATION_FORMAT = "dwarf-with-dsym";
				ENABLE_NS_ASSERTIONS = NO;
				ENABLE_STRICT_OBJC_MSGSEND = YES;
				GCC_C_LANGUAGE_STANDARD = gnu11;
				GCC_NO_COMMON_BLOCKS = YES;
				GCC_WARN_64_TO_32_BIT_CONVERSION = YES;
				GCC_WARN_ABOUT_RETURN_TYPE = YES_ERROR;
				GCC_WARN_UNDECLARED_SELECTOR = YES;
				GCC_WARN_UNINITIALIZED_AUTOS = YES_AGGRESSIVE;
				GCC_WARN_UNUSED_FUNCTION = YES;
				GCC_WARN_UNUSED_VARIABLE = YES;
				IPHONEOS_DEPLOYMENT_TARGET = 11.3;
				MTL_ENABLE_DEBUG_INFO = NO;
				SDKROOT = iphoneos;
				SWIFT_COMPILATION_MODE = wholemodule;
				SWIFT_OPTIMIZATION_LEVEL = "-O";
				VALIDATE_PRODUCT = YES;
			};
			name = Release;
		};
		3E82ABC82086ED8E0010691A /* Debug */ = {
			isa = XCBuildConfiguration;
			buildSettings = {
				ASSETCATALOG_COMPILER_APPICON_NAME = AppIcon;
				CODE_SIGN_STYLE = Automatic;
				DEVELOPMENT_TEAM = 452DHHAC9T;
				INFOPLIST_FILE = CustomTabBar/Info.plist;
				LD_RUNPATH_SEARCH_PATHS = (
					"$(inherited)",
					"@executable_path/Frameworks",
				);
				PRODUCT_BUNDLE_IDENTIFIER = com.CustomTabBar;
				PRODUCT_NAME = "$(TARGET_NAME)";
				SWIFT_VERSION = 4.0;
				TARGETED_DEVICE_FAMILY = 1;
			};
			name = Debug;
		};
		3E82ABC92086ED8E0010691A /* Release */ = {
			isa = XCBuildConfiguration;
			buildSettings = {
				ASSETCATALOG_COMPILER_APPICON_NAME = AppIcon;
				CODE_SIGN_STYLE = Automatic;
				DEVELOPMENT_TEAM = 452DHHAC9T;
				INFOPLIST_FILE = CustomTabBar/Info.plist;
				LD_RUNPATH_SEARCH_PATHS = (
					"$(inherited)",
					"@executable_path/Frameworks",
				);
				PRODUCT_BUNDLE_IDENTIFIER = com.CustomTabBar;
				PRODUCT_NAME = "$(TARGET_NAME)";
				SWIFT_VERSION = 4.0;
				TARGETED_DEVICE_FAMILY = 1;
			};
			name = Release;
		};
/* End XCBuildConfiguration section */

/* Begin XCConfigurationList section */
		3E82ABB02086ED8D0010691A /* Build configuration list for PBXProject "CustomTabBar" */ = {
			isa = XCConfigurationList;
			buildConfigurations = (
				3E82ABC52086ED8E0010691A /* Debug */,
				3E82ABC62086ED8E0010691A /* Release */,
			);
			defaultConfigurationIsVisible = 0;
			defaultConfigurationName = Release;
		};
		3E82ABC72086ED8E0010691A /* Build configuration list for PBXNativeTarget "CustomTabBar" */ = {
			isa = XCConfigurationList;
			buildConfigurations = (
				3E82ABC82086ED8E0010691A /* Debug */,
				3E82ABC92086ED8E0010691A /* Release */,
			);
			defaultConfigurationIsVisible = 0;
			defaultConfigurationName = Release;
		};
/* End XCConfigurationList section */
	};
	rootObject = 3E82ABAD2086ED8D0010691A /* Project object */;
}
