// !$*UTF8*$!
{
	archiveVersion = 1;
	classes = {
	};
	objectVersion = 48;
	objects = {

/* Begin PBXBuildFile section */
		3E684DDD1FE38CFE00208315 /* AppDelegate.swift in Sources */ = {isa = PBXBuildFile; fileRef = 3E684DDC1FE38CFE00208315 /* AppDelegate.swift */; };
		3E684DE41FE38CFE00208315 /* Assets.xcassets in Resources */ = {isa = PBXBuildFile; fileRef = 3E684DE31FE38CFE00208315 /* Assets.xcassets */; };
		3E684DE71FE38CFE00208315 /* LaunchScreen.storyboard in Resources */ = {isa = PBXBuildFile; fileRef = 3E684DE51FE38CFE00208315 /* LaunchScreen.storyboard */; };
		3E684DF11FE38D4700208315 /* MainViewController.swift in Sources */ = {isa = PBXBuildFile; fileRef = 3E684DEF1FE38D4700208315 /* MainViewController.swift */; };
		3E684DF21FE38D4700208315 /* MainViewController.xib in Resources */ = {isa = PBXBuildFile; fileRef = 3E684DF01FE38D4700208315 /* MainViewController.xib */; };
		3E684DF61FE3A29100208315 /* FriendCell.swift in Sources */ = {isa = PBXBuildFile; fileRef = 3E684DF41FE3A29100208315 /* FriendCell.swift */; };
		3E684DF71FE3A29100208315 /* FriendCell.xib in Resources */ = {isa = PBXBuildFile; fileRef = 3E684DF51FE3A29100208315 /* FriendCell.xib */; };
		3E684DFA1FE3A2AC00208315 /* NSObject+Identifier.swift in Sources */ = {isa = PBXBuildFile; fileRef = 3E684DF91FE3A2AC00208315 /* NSObject+Identifier.swift */; };
		3E684DFD1FE3A32D00208315 /* Friend.swift in Sources */ = {isa = PBXBuildFile; fileRef = 3E684DFC1FE3A32D00208315 /* Friend.swift */; };
		3E684E001FE3A4AE00208315 /* EditFriendViewController.swift in Sources */ = {isa = PBXBuildFile; fileRef = 3E684DFE1FE3A4AE00208315 /* EditFriendViewController.swift */; };
		3E684E011FE3A4AE00208315 /* EditFriendViewController.xib in Resources */ = {isa = PBXBuildFile; fileRef = 3E684DFF1FE3A4AE00208315 /* EditFriendViewController.xib */; };
		3E684E041FE3A5C600208315 /* TextFieldCell.swift in Sources */ = {isa = PBXBuildFile; fileRef = 3E684E021FE3A5C600208315 /* TextFieldCell.swift */; };
		3E684E051FE3A5C600208315 /* TextFieldCell.xib in Resources */ = {isa = PBXBuildFile; fileRef = 3E684E031FE3A5C600208315 /* TextFieldCell.xib */; };
/* End PBXBuildFile section */

/* Begin PBXFileReference section */
		3E684DD91FE38CFE00208315 /* CRUD.app */ = {isa = PBXFileReference; explicitFileType = wrapper.application; includeInIndex = 0; path = CRUD.app; sourceTree = BUILT_PRODUCTS_DIR; };
		3E684DDC1FE38CFE00208315 /* AppDelegate.swift */ = {isa = PBXFileReference; lastKnownFileType = sourcecode.swift; path = AppDelegate.swift; sourceTree = "<group>"; };
		3E684DE31FE38CFE00208315 /* Assets.xcassets */ = {isa = PBXFileReference; lastKnownFileType = folder.assetcatalog; path = Assets.xcassets; sourceTree = "<group>"; };
		3E684DE61FE38CFE00208315 /* Base */ = {isa = PBXFileReference; lastKnownFileType = file.storyboard; name = Base; path = Base.lproj/LaunchScreen.storyboard; sourceTree = "<group>"; };
		3E684DE81FE38CFE00208315 /* Info.plist */ = {isa = PBXFileReference; lastKnownFileType = text.plist.xml; path = Info.plist; sourceTree = "<group>"; };
		3E684DEF1FE38D4700208315 /* MainViewController.swift */ = {isa = PBXFileReference; lastKnownFileType = sourcecode.swift; path = MainViewController.swift; sourceTree = "<group>"; };
		3E684DF01FE38D4700208315 /* MainViewController.xib */ = {isa = PBXFileReference; lastKnownFileType = file.xib; path = MainViewController.xib; sourceTree = "<group>"; };
		3E684DF41FE3A29100208315 /* FriendCell.swift */ = {isa = PBXFileReference; lastKnownFileType = sourcecode.swift; path = FriendCell.swift; sourceTree = "<group>"; };
		3E684DF51FE3A29100208315 /* FriendCell.xib */ = {isa = PBXFileReference; lastKnownFileType = file.xib; path = FriendCell.xib; sourceTree = "<group>"; };
		3E684DF91FE3A2AC00208315 /* NSObject+Identifier.swift */ = {isa = PBXFileReference; lastKnownFileType = sourcecode.swift; path = "NSObject+Identifier.swift"; sourceTree = "<group>"; };
		3E684DFC1FE3A32D00208315 /* Friend.swift */ = {isa = PBXFileReference; lastKnownFileType = sourcecode.swift; path = Friend.swift; sourceTree = "<group>"; };
		3E684DFE1FE3A4AE00208315 /* EditFriendViewController.swift */ = {isa = PBXFileReference; lastKnownFileType = sourcecode.swift; path = EditFriendViewController.swift; sourceTree = "<group>"; };
		3E684DFF1FE3A4AE00208315 /* EditFriendViewController.xib */ = {isa = PBXFileReference; lastKnownFileType = file.xib; path = EditFriendViewController.xib; sourceTree = "<group>"; };
		3E684E021FE3A5C600208315 /* TextFieldCell.swift */ = {isa = PBXFileReference; lastKnownFileType = sourcecode.swift; path = TextFieldCell.swift; sourceTree = "<group>"; };
		3E684E031FE3A5C600208315 /* TextFieldCell.xib */ = {isa = PBXFileReference; lastKnownFileType = file.xib; path = TextFieldCell.xib; sourceTree = "<group>"; };
/* End PBXFileReference section */

/* Begin PBXFrameworksBuildPhase section */
		3E684DD61FE38CFE00208315 /* Frameworks */ = {
			isa = PBXFrameworksBuildPhase;
			buildActionMask = 2147483647;
			files = (
			);
			runOnlyForDeploymentPostprocessing = 0;
		};
/* End PBXFrameworksBuildPhase section */

/* Begin PBXGroup section */
		3E684DD01FE38CFE00208315 = {
			isa = PBXGroup;
			children = (
				3E684DDB1FE38CFE00208315 /* CRUD */,
				3E684DDA1FE38CFE00208315 /* Products */,
			);
			sourceTree = "<group>";
		};
		3E684DDA1FE38CFE00208315 /* Products */ = {
			isa = PBXGroup;
			children = (
				3E684DD91FE38CFE00208315 /* CRUD.app */,
			);
			name = Products;
			sourceTree = "<group>";
		};
		3E684DDB1FE38CFE00208315 /* CRUD */ = {
			isa = PBXGroup;
			children = (
				3E684DFB1FE3A32600208315 /* Model */,
				3E684DF81FE3A29500208315 /* Extensions */,
				3E684DF31FE3A27900208315 /* Cell */,
				3E684DEE1FE38D3400208315 /* View Controllers */,
				3E684DDC1FE38CFE00208315 /* AppDelegate.swift */,
				3E684DE31FE38CFE00208315 /* Assets.xcassets */,
				3E684DE51FE38CFE00208315 /* LaunchScreen.storyboard */,
				3E684DE81FE38CFE00208315 /* Info.plist */,
			);
			path = CRUD;
			sourceTree = "<group>";
		};
		3E684DEE1FE38D3400208315 /* View Controllers */ = {
			isa = PBXGroup;
			children = (
				3E684DEF1FE38D4700208315 /* MainViewController.swift */,
				3E684DF01FE38D4700208315 /* MainViewController.xib */,
				3E684DFE1FE3A4AE00208315 /* EditFriendViewController.swift */,
				3E684DFF1FE3A4AE00208315 /* EditFriendViewController.xib */,
			);
			path = "View Controllers";
			sourceTree = "<group>";
		};
		3E684DF31FE3A27900208315 /* Cell */ = {
			isa = PBXGroup;
			children = (
				3E684DF41FE3A29100208315 /* FriendCell.swift */,
				3E684DF51FE3A29100208315 /* FriendCell.xib */,
				3E684E021FE3A5C600208315 /* TextFieldCell.swift */,
				3E684E031FE3A5C600208315 /* TextFieldCell.xib */,
			);
			path = Cell;
			sourceTree = "<group>";
		};
		3E684DF81FE3A29500208315 /* Extensions */ = {
			isa = PBXGroup;
			children = (
				3E684DF91FE3A2AC00208315 /* NSObject+Identifier.swift */,
			);
			path = Extensions;
			sourceTree = "<group>";
		};
		3E684DFB1FE3A32600208315 /* Model */ = {
			isa = PBXGroup;
			children = (
				3E684DFC1FE3A32D00208315 /* Friend.swift */,
			);
			path = Model;
			sourceTree = "<group>";
		};
/* End PBXGroup section */

/* Begin PBXNativeTarget section */
		3E684DD81FE38CFE00208315 /* CRUD */ = {
			isa = PBXNativeTarget;
			buildConfigurationList = 3E684DEB1FE38CFE00208315 /* Build configuration list for PBXNativeTarget "CRUD" */;
			buildPhases = (
				3E684DD51FE38CFE00208315 /* Sources */,
				3E684DD61FE38CFE00208315 /* Frameworks */,
				3E684DD71FE38CFE00208315 /* Resources */,
			);
			buildRules = (
			);
			dependencies = (
			);
			name = CRUD;
			productName = CRUD;
			productReference = 3E684DD91FE38CFE00208315 /* CRUD.app */;
			productType = "com.apple.product-type.application";
		};
/* End PBXNativeTarget section */

/* Begin PBXProject section */
		3E684DD11FE38CFE00208315 /* Project object */ = {
			isa = PBXProject;
			attributes = {
				LastSwiftUpdateCheck = 0920;
				LastUpgradeCheck = 0920;
				ORGANIZATIONNAME = "이동건";
				TargetAttributes = {
					3E684DD81FE38CFE00208315 = {
						CreatedOnToolsVersion = 9.2;
						ProvisioningStyle = Automatic;
					};
				};
			};
			buildConfigurationList = 3E684DD41FE38CFE00208315 /* Build configuration list for PBXProject "CRUD" */;
			compatibilityVersion = "Xcode 8.0";
			developmentRegion = en;
			hasScannedForEncodings = 0;
			knownRegions = (
				en,
				Base,
			);
			mainGroup = 3E684DD01FE38CFE00208315;
			productRefGroup = 3E684DDA1FE38CFE00208315 /* Products */;
			projectDirPath = "";
			projectRoot = "";
			targets = (
				3E684DD81FE38CFE00208315 /* CRUD */,
			);
		};
/* End PBXProject section */

/* Begin PBXResourcesBuildPhase section */
		3E684DD71FE38CFE00208315 /* Resources */ = {
			isa = PBXResourcesBuildPhase;
			buildActionMask = 2147483647;
			files = (
				3E684DE71FE38CFE00208315 /* LaunchScreen.storyboard in Resources */,
				3E684DF21FE38D4700208315 /* MainViewController.xib in Resources */,
				3E684DE41FE38CFE00208315 /* Assets.xcassets in Resources */,
				3E684DF71FE3A29100208315 /* FriendCell.xib in Resources */,
				3E684E011FE3A4AE00208315 /* EditFriendViewController.xib in Resources */,
				3E684E051FE3A5C600208315 /* TextFieldCell.xib in Resources */,
			);
			runOnlyForDeploymentPostprocessing = 0;
		};
/* End PBXResourcesBuildPhase section */

/* Begin PBXSourcesBuildPhase section */
		3E684DD51FE38CFE00208315 /* Sources */ = {
			isa = PBXSourcesBuildPhase;
			buildActionMask = 2147483647;
			files = (
				3E684E001FE3A4AE00208315 /* EditFriendViewController.swift in Sources */,
				3E684DDD1FE38CFE00208315 /* AppDelegate.swift in Sources */,
				3E684DF61FE3A29100208315 /* FriendCell.swift in Sources */,
				3E684DFD1FE3A32D00208315 /* Friend.swift in Sources */,
				3E684DFA1FE3A2AC00208315 /* NSObject+Identifier.swift in Sources */,
				3E684E041FE3A5C600208315 /* TextFieldCell.swift in Sources */,
				3E684DF11FE38D4700208315 /* MainViewController.swift in Sources */,
			);
			runOnlyForDeploymentPostprocessing = 0;
		};
/* End PBXSourcesBuildPhase section */

/* Begin PBXVariantGroup section */
		3E684DE51FE38CFE00208315 /* LaunchScreen.storyboard */ = {
			isa = PBXVariantGroup;
			children = (
				3E684DE61FE38CFE00208315 /* Base */,
			);
			name = LaunchScreen.storyboard;
			sourceTree = "<group>";
		};
/* End PBXVariantGroup section */

/* Begin XCBuildConfiguration section */
		3E684DE91FE38CFE00208315 /* Debug */ = {
			isa = XCBuildConfiguration;
			buildSettings = {
				ALWAYS_SEARCH_USER_PATHS = NO;
				CLANG_ANALYZER_NONNULL = YES;
				CLANG_ANALYZER_NUMBER_OBJECT_CONVERSION = YES_AGGRESSIVE;
				CLANG_CXX_LANGUAGE_STANDARD = "gnu++14";
				CLANG_CXX_LIBRARY = "libc++";
				CLANG_ENABLE_MODULES = YES;
				CLANG_ENABLE_OBJC_ARC = YES;
				CLANG_WARN_BLOCK_CAPTURE_AUTORELEASING = YES;
				CLANG_WARN_BOOL_CONVERSION = YES;
				CLANG_WARN_COMMA = YES;
				CLANG_WARN_CONSTANT_CONVERSION = YES;
				CLANG_WARN_DIRECT_OBJC_ISA_USAGE = YES_ERROR;
				CLANG_WARN_DOCUMENTATION_COMMENTS = YES;
				CLANG_WARN_EMPTY_BODY = YES;
				CLANG_WARN_ENUM_CONVERSION = YES;
				CLANG_WARN_INFINITE_RECURSION = YES;
				CLANG_WARN_INT_CONVERSION = YES;
				CLANG_WARN_NON_LITERAL_NULL_CONVERSION = YES;
				CLANG_WARN_OBJC_LITERAL_CONVERSION = YES;
				CLANG_WARN_OBJC_ROOT_CLASS = YES_ERROR;
				CLANG_WARN_RANGE_LOOP_ANALYSIS = YES;
				CLANG_WARN_STRICT_PROTOTYPES = YES;
				CLANG_WARN_SUSPICIOUS_MOVE = YES;
				CLANG_WARN_UNGUARDED_AVAILABILITY = YES_AGGRESSIVE;
				CLANG_WARN_UNREACHABLE_CODE = YES;
				CLANG_WARN__DUPLICATE_METHOD_MATCH = YES;
				CODE_SIGN_IDENTITY = "iPhone Developer";
				COPY_PHASE_STRIP = NO;
				DEBUG_INFORMATION_FORMAT = dwarf;
				ENABLE_STRICT_OBJC_MSGSEND = YES;
				ENABLE_TESTABILITY = YES;
				GCC_C_LANGUAGE_STANDARD = gnu11;
				GCC_DYNAMIC_NO_PIC = NO;
				GCC_NO_COMMON_BLOCKS = YES;
				GCC_OPTIMIZATION_LEVEL = 0;
				GCC_PREPROCESSOR_DEFINITIONS = (
					"DEBUG=1",
					"$(inherited)",
				);
				GCC_WARN_64_TO_32_BIT_CONVERSION = YES;
				GCC_WARN_ABOUT_RETURN_TYPE = YES_ERROR;
				GCC_WARN_UNDECLARED_SELECTOR = YES;
				GCC_WARN_UNINITIALIZED_AUTOS = YES_AGGRESSIVE;
				GCC_WARN_UNUSED_FUNCTION = YES;
				GCC_WARN_UNUSED_VARIABLE = YES;
				IPHONEOS_DEPLOYMENT_TARGET = 11.2;
				MTL_ENABLE_DEBUG_INFO = YES;
				ONLY_ACTIVE_ARCH = YES;
				SDKROOT = iphoneos;
				SWIFT_ACTIVE_COMPILATION_CONDITIONS = DEBUG;
				SWIFT_OPTIMIZATION_LEVEL = "-Onone";
			};
			name = Debug;
		};
		3E684DEA1FE38CFE00208315 /* Release */ = {
			isa = XCBuildConfiguration;
			buildSettings = {
				ALWAYS_SEARCH_USER_PATHS = NO;
				CLANG_ANALYZER_NONNULL = YES;
				CLANG_ANALYZER_NUMBER_OBJECT_CONVERSION = YES_AGGRESSIVE;
				CLANG_CXX_LANGUAGE_STANDARD = "gnu++14";
				CLANG_CXX_LIBRARY = "libc++";
				CLANG_ENABLE_MODULES = YES;
				CLANG_ENABLE_OBJC_ARC = YES;
				CLANG_WARN_BLOCK_CAPTURE_AUTORELEASING = YES;
				CLANG_WARN_BOOL_CONVERSION = YES;
				CLANG_WARN_COMMA = YES;
				CLANG_WARN_CONSTANT_CONVERSION = YES;
				CLANG_WARN_DIRECT_OBJC_ISA_USAGE = YES_ERROR;
				CLANG_WARN_DOCUMENTATION_COMMENTS = YES;
				CLANG_WARN_EMPTY_BODY = YES;
				CLANG_WARN_ENUM_CONVERSION = YES;
				CLANG_WARN_INFINITE_RECURSION = YES;
				CLANG_WARN_INT_CONVERSION = YES;
				CLANG_WARN_NON_LITERAL_NULL_CONVERSION = YES;
				CLANG_WARN_OBJC_LITERAL_CONVERSION = YES;
				CLANG_WARN_OBJC_ROOT_CLASS = YES_ERROR;
				CLANG_WARN_RANGE_LOOP_ANALYSIS = YES;
				CLANG_WARN_STRICT_PROTOTYPES = YES;
				CLANG_WARN_SUSPICIOUS_MOVE = YES;
				CLANG_WARN_UNGUARDED_AVAILABILITY = YES_AGGRESSIVE;
				CLANG_WARN_UNREACHABLE_CODE = YES;
				CLANG_WARN__DUPLICATE_METHOD_MATCH = YES;
				CODE_SIGN_IDENTITY = "iPhone Developer";
				COPY_PHASE_STRIP = NO;
				DEBUG_INFORMATION_FORMAT = "dwarf-with-dsym";
				ENABLE_NS_ASSERTIONS = NO;
				ENABLE_STRICT_OBJC_MSGSEND = YES;
				GCC_C_LANGUAGE_STANDARD = gnu11;
				GCC_NO_COMMON_BLOCKS = YES;
				GCC_WARN_64_TO_32_BIT_CONVERSION = YES;
				GCC_WARN_ABOUT_RETURN_TYPE = YES_ERROR;
				GCC_WARN_UNDECLARED_SELECTOR = YES;
				GCC_WARN_UNINITIALIZED_AUTOS = YES_AGGRESSIVE;
				GCC_WARN_UNUSED_FUNCTION = YES;
				GCC_WARN_UNUSED_VARIABLE = YES;
				IPHONEOS_DEPLOYMENT_TARGET = 11.2;
				MTL_ENABLE_DEBUG_INFO = NO;
				SDKROOT = iphoneos;
				SWIFT_OPTIMIZATION_LEVEL = "-Owholemodule";
				VALIDATE_PRODUCT = YES;
			};
			name = Release;
		};
		3E684DEC1FE38CFE00208315 /* Debug */ = {
			isa = XCBuildConfiguration;
			buildSettings = {
				ASSETCATALOG_COMPILER_APPICON_NAME = AppIcon;
				CODE_SIGN_STYLE = Automatic;
				DEVELOPMENT_TEAM = 452DHHAC9T;
				INFOPLIST_FILE = CRUD/Info.plist;
				LD_RUNPATH_SEARCH_PATHS = "$(inherited) @executable_path/Frameworks";
				PRODUCT_BUNDLE_IDENTIFIER = com.tutorial.CRUD;
				PRODUCT_NAME = "$(TARGET_NAME)";
				SWIFT_VERSION = 4.0;
				TARGETED_DEVICE_FAMILY = 1;
			};
			name = Debug;
		};
		3E684DED1FE38CFE00208315 /* Release */ = {
			isa = XCBuildConfiguration;
			buildSettings = {
				ASSETCATALOG_COMPILER_APPICON_NAME = AppIcon;
				CODE_SIGN_STYLE = Automatic;
				DEVELOPMENT_TEAM = 452DHHAC9T;
				INFOPLIST_FILE = CRUD/Info.plist;
				LD_RUNPATH_SEARCH_PATHS = "$(inherited) @executable_path/Frameworks";
				PRODUCT_BUNDLE_IDENTIFIER = com.tutorial.CRUD;
				PRODUCT_NAME = "$(TARGET_NAME)";
				SWIFT_VERSION = 4.0;
				TARGETED_DEVICE_FAMILY = 1;
			};
			name = Release;
		};
/* End XCBuildConfiguration section */

/* Begin XCConfigurationList section */
		3E684DD41FE38CFE00208315 /* Build configuration list for PBXProject "CRUD" */ = {
			isa = XCConfigurationList;
			buildConfigurations = (
				3E684DE91FE38CFE00208315 /* Debug */,
				3E684DEA1FE38CFE00208315 /* Release */,
			);
			defaultConfigurationIsVisible = 0;
			defaultConfigurationName = Release;
		};
		3E684DEB1FE38CFE00208315 /* Build configuration list for PBXNativeTarget "CRUD" */ = {
			isa = XCConfigurationList;
			buildConfigurations = (
				3E684DEC1FE38CFE00208315 /* Debug */,
				3E684DED1FE38CFE00208315 /* Release */,
			);
			defaultConfigurationIsVisible = 0;
			defaultConfigurationName = Release;
		};
/* End XCConfigurationList section */
	};
	rootObject = 3E684DD11FE38CFE00208315 /* Project object */;
}
