// !$*UTF8*$!
{
	archiveVersion = 1;
	classes = {
	};
	objectVersion = 48;
	objects = {

/* Begin PBXBuildFile section */
		3E3C11FE1FC30E040099C0AE /* AppDelegate.swift in Sources */ = {isa = PBXBuildFile; fileRef = 3E3C11FD1FC30E040099C0AE /* AppDelegate.swift */; };
		3E3C12001FC30E040099C0AE /* ViewController.swift in Sources */ = {isa = PBXBuildFile; fileRef = 3E3C11FF1FC30E040099C0AE /* ViewController.swift */; };
		3E3C12031FC30E040099C0AE /* Main.storyboard in Resources */ = {isa = PBXBuildFile; fileRef = 3E3C12011FC30E040099C0AE /* Main.storyboard */; };
		3E3C12051FC30E040099C0AE /* Assets.xcassets in Resources */ = {isa = PBXBuildFile; fileRef = 3E3C12041FC30E040099C0AE /* Assets.xcassets */; };
		3E3C12081FC30E040099C0AE /* LaunchScreen.storyboard in Resources */ = {isa = PBXBuildFile; fileRef = 3E3C12061FC30E040099C0AE /* LaunchScreen.storyboard */; };
		3E3C12101FC30F440099C0AE /* ObserverOneViewController.swift in Sources */ = {isa = PBXBuildFile; fileRef = 3E3C120F1FC30F440099C0AE /* ObserverOneViewController.swift */; };
		3E3C12121FC30F550099C0AE /* ObserverTwoViewController.swift in Sources */ = {isa = PBXBuildFile; fileRef = 3E3C12111FC30F550099C0AE /* ObserverTwoViewController.swift */; };
/* End PBXBuildFile section */

/* Begin PBXFileReference section */
		3E3C11FA1FC30E040099C0AE /* NotificationCenterExample.app */ = {isa = PBXFileReference; explicitFileType = wrapper.application; includeInIndex = 0; path = NotificationCenterExample.app; sourceTree = BUILT_PRODUCTS_DIR; };
		3E3C11FD1FC30E040099C0AE /* AppDelegate.swift */ = {isa = PBXFileReference; lastKnownFileType = sourcecode.swift; path = AppDelegate.swift; sourceTree = "<group>"; };
		3E3C11FF1FC30E040099C0AE /* ViewController.swift */ = {isa = PBXFileReference; lastKnownFileType = sourcecode.swift; path = ViewController.swift; sourceTree = "<group>"; };
		3E3C12021FC30E040099C0AE /* Base */ = {isa = PBXFileReference; lastKnownFileType = file.storyboard; name = Base; path = Base.lproj/Main.storyboard; sourceTree = "<group>"; };
		3E3C12041FC30E040099C0AE /* Assets.xcassets */ = {isa = PBXFileReference; lastKnownFileType = folder.assetcatalog; path = Assets.xcassets; sourceTree = "<group>"; };
		3E3C12071FC30E040099C0AE /* Base */ = {isa = PBXFileReference; lastKnownFileType = file.storyboard; name = Base; path = Base.lproj/LaunchScreen.storyboard; sourceTree = "<group>"; };
		3E3C12091FC30E040099C0AE /* Info.plist */ = {isa = PBXFileReference; lastKnownFileType = text.plist.xml; path = Info.plist; sourceTree = "<group>"; };
		3E3C120F1FC30F440099C0AE /* ObserverOneViewController.swift */ = {isa = PBXFileReference; lastKnownFileType = sourcecode.swift; path = ObserverOneViewController.swift; sourceTree = "<group>"; };
		3E3C12111FC30F550099C0AE /* ObserverTwoViewController.swift */ = {isa = PBXFileReference; lastKnownFileType = sourcecode.swift; path = ObserverTwoViewController.swift; sourceTree = "<group>"; };
/* End PBXFileReference section */

/* Begin PBXFrameworksBuildPhase section */
		3E3C11F71FC30E040099C0AE /* Frameworks */ = {
			isa = PBXFrameworksBuildPhase;
			buildActionMask = 2147483647;
			files = (
			);
			runOnlyForDeploymentPostprocessing = 0;
		};
/* End PBXFrameworksBuildPhase section */

/* Begin PBXGroup section */
		3E3C11F11FC30E040099C0AE = {
			isa = PBXGroup;
			children = (
				3E3C11FC1FC30E040099C0AE /* NotificationCenterExample */,
				3E3C11FB1FC30E040099C0AE /* Products */,
			);
			sourceTree = "<group>";
		};
		3E3C11FB1FC30E040099C0AE /* Products */ = {
			isa = PBXGroup;
			children = (
				3E3C11FA1FC30E040099C0AE /* NotificationCenterExample.app */,
			);
			name = Products;
			sourceTree = "<group>";
		};
		3E3C11FC1FC30E040099C0AE /* NotificationCenterExample */ = {
			isa = PBXGroup;
			children = (
				3E3C11FD1FC30E040099C0AE /* AppDelegate.swift */,
				3E3C11FF1FC30E040099C0AE /* ViewController.swift */,
				3E3C12011FC30E040099C0AE /* Main.storyboard */,
				3E3C120F1FC30F440099C0AE /* ObserverOneViewController.swift */,
				3E3C12111FC30F550099C0AE /* ObserverTwoViewController.swift */,
				3E3C12041FC30E040099C0AE /* Assets.xcassets */,
				3E3C12061FC30E040099C0AE /* LaunchScreen.storyboard */,
				3E3C12091FC30E040099C0AE /* Info.plist */,
			);
			path = NotificationCenterExample;
			sourceTree = "<group>";
		};
/* End PBXGroup section */

/* Begin PBXNativeTarget section */
		3E3C11F91FC30E040099C0AE /* NotificationCenterExample */ = {
			isa = PBXNativeTarget;
			buildConfigurationList = 3E3C120C1FC30E040099C0AE /* Build configuration list for PBXNativeTarget "NotificationCenterExample" */;
			buildPhases = (
				3E3C11F61FC30E040099C0AE /* Sources */,
				3E3C11F71FC30E040099C0AE /* Frameworks */,
				3E3C11F81FC30E040099C0AE /* Resources */,
			);
			buildRules = (
			);
			dependencies = (
			);
			name = NotificationCenterExample;
			productName = NotificationCenterExample;
			productReference = 3E3C11FA1FC30E040099C0AE /* NotificationCenterExample.app */;
			productType = "com.apple.product-type.application";
		};
/* End PBXNativeTarget section */

/* Begin PBXProject section */
		3E3C11F21FC30E040099C0AE /* Project object */ = {
			isa = PBXProject;
			attributes = {
				LastSwiftUpdateCheck = 0910;
				LastUpgradeCheck = 0910;
				ORGANIZATIONNAME = "이동건";
				TargetAttributes = {
					3E3C11F91FC30E040099C0AE = {
						CreatedOnToolsVersion = 9.1;
						ProvisioningStyle = Automatic;
					};
				};
			};
			buildConfigurationList = 3E3C11F51FC30E040099C0AE /* Build configuration list for PBXProject "NotificationCenterExample" */;
			compatibilityVersion = "Xcode 8.0";
			developmentRegion = en;
			hasScannedForEncodings = 0;
			knownRegions = (
				en,
				Base,
			);
			mainGroup = 3E3C11F11FC30E040099C0AE;
			productRefGroup = 3E3C11FB1FC30E040099C0AE /* Products */;
			projectDirPath = "";
			projectRoot = "";
			targets = (
				3E3C11F91FC30E040099C0AE /* NotificationCenterExample */,
			);
		};
/* End PBXProject section */

/* Begin PBXResourcesBuildPhase section */
		3E3C11F81FC30E040099C0AE /* Resources */ = {
			isa = PBXResourcesBuildPhase;
			buildActionMask = 2147483647;
			files = (
				3E3C12081FC30E040099C0AE /* LaunchScreen.storyboard in Resources */,
				3E3C12051FC30E040099C0AE /* Assets.xcassets in Resources */,
				3E3C12031FC30E040099C0AE /* Main.storyboard in Resources */,
			);
			runOnlyForDeploymentPostprocessing = 0;
		};
/* End PBXResourcesBuildPhase section */

/* Begin PBXSourcesBuildPhase section */
		3E3C11F61FC30E040099C0AE /* Sources */ = {
			isa = PBXSourcesBuildPhase;
			buildActionMask = 2147483647;
			files = (
				3E3C12001FC30E040099C0AE /* ViewController.swift in Sources */,
				3E3C12101FC30F440099C0AE /* ObserverOneViewController.swift in Sources */,
				3E3C11FE1FC30E040099C0AE /* AppDelegate.swift in Sources */,
				3E3C12121FC30F550099C0AE /* ObserverTwoViewController.swift in Sources */,
			);
			runOnlyForDeploymentPostprocessing = 0;
		};
/* End PBXSourcesBuildPhase section */

/* Begin PBXVariantGroup section */
		3E3C12011FC30E040099C0AE /* Main.storyboard */ = {
			isa = PBXVariantGroup;
			children = (
				3E3C12021FC30E040099C0AE /* Base */,
			);
			name = Main.storyboard;
			sourceTree = "<group>";
		};
		3E3C12061FC30E040099C0AE /* LaunchScreen.storyboard */ = {
			isa = PBXVariantGroup;
			children = (
				3E3C12071FC30E040099C0AE /* Base */,
			);
			name = LaunchScreen.storyboard;
			sourceTree = "<group>";
		};
/* End PBXVariantGroup section */

/* Begin XCBuildConfiguration section */
		3E3C120A1FC30E040099C0AE /* Debug */ = {
			isa = XCBuildConfiguration;
			buildSettings = {
				ALWAYS_SEARCH_USER_PATHS = NO;
				CLANG_ANALYZER_NONNULL = YES;
				CLANG_ANALYZER_NUMBER_OBJECT_CONVERSION = YES_AGGRESSIVE;
				CLANG_CXX_LANGUAGE_STANDARD = "gnu++14";
				CLANG_CXX_LIBRARY = "libc++";
				CLANG_ENABLE_MODULES = YES;
				CLANG_ENABLE_OBJC_ARC = YES;
				CLANG_WARN_BLOCK_CAPTURE_AUTORELEASING = YES;
				CLANG_WARN_BOOL_CONVERSION = YES;
				CLANG_WARN_COMMA = YES;
				CLANG_WARN_CONSTANT_CONVERSION = YES;
				CLANG_WARN_DIRECT_OBJC_ISA_USAGE = YES_ERROR;
				CLANG_WARN_DOCUMENTATION_COMMENTS = YES;
				CLANG_WARN_EMPTY_BODY = YES;
				CLANG_WARN_ENUM_CONVERSION = YES;
				CLANG_WARN_INFINITE_RECURSION = YES;
				CLANG_WARN_INT_CONVERSION = YES;
				CLANG_WARN_NON_LITERAL_NULL_CONVERSION = YES;
				CLANG_WARN_OBJC_LITERAL_CONVERSION = YES;
				CLANG_WARN_OBJC_ROOT_CLASS = YES_ERROR;
				CLANG_WARN_RANGE_LOOP_ANALYSIS = YES;
				CLANG_WARN_STRICT_PROTOTYPES = YES;
				CLANG_WARN_SUSPICIOUS_MOVE = YES;
				CLANG_WARN_UNGUARDED_AVAILABILITY = YES_AGGRESSIVE;
				CLANG_WARN_UNREACHABLE_CODE = YES;
				CLANG_WARN__DUPLICATE_METHOD_MATCH = YES;
				CODE_SIGN_IDENTITY = "iPhone Developer";
				COPY_PHASE_STRIP = NO;
				DEBUG_INFORMATION_FORMAT = dwarf;
				ENABLE_STRICT_OBJC_MSGSEND = YES;
				ENABLE_TESTABILITY = YES;
				GCC_C_LANGUAGE_STANDARD = gnu11;
				GCC_DYNAMIC_NO_PIC = NO;
				GCC_NO_COMMON_BLOCKS = YES;
				GCC_OPTIMIZATION_LEVEL = 0;
				GCC_PREPROCESSOR_DEFINITIONS = (
					"DEBUG=1",
					"$(inherited)",
				);
				GCC_WARN_64_TO_32_BIT_CONVERSION = YES;
				GCC_WARN_ABOUT_RETURN_TYPE = YES_ERROR;
				GCC_WARN_UNDECLARED_SELECTOR = YES;
				GCC_WARN_UNINITIALIZED_AUTOS = YES_AGGRESSIVE;
				GCC_WARN_UNUSED_FUNCTION = YES;
				GCC_WARN_UNUSED_VARIABLE = YES;
				IPHONEOS_DEPLOYMENT_TARGET = 11.1;
				MTL_ENABLE_DEBUG_INFO = YES;
				ONLY_ACTIVE_ARCH = YES;
				SDKROOT = iphoneos;
				SWIFT_ACTIVE_COMPILATION_CONDITIONS = DEBUG;
				SWIFT_OPTIMIZATION_LEVEL = "-Onone";
			};
			name = Debug;
		};
		3E3C120B1FC30E040099C0AE /* Release */ = {
			isa = XCBuildConfiguration;
			buildSettings = {
				ALWAYS_SEARCH_USER_PATHS = NO;
				CLANG_ANALYZER_NONNULL = YES;
				CLANG_ANALYZER_NUMBER_OBJECT_CONVERSION = YES_AGGRESSIVE;
				CLANG_CXX_LANGUAGE_STANDARD = "gnu++14";
				CLANG_CXX_LIBRARY = "libc++";
				CLANG_ENABLE_MODULES = YES;
				CLANG_ENABLE_OBJC_ARC = YES;
				CLANG_WARN_BLOCK_CAPTURE_AUTORELEASING = YES;
				CLANG_WARN_BOOL_CONVERSION = YES;
				CLANG_WARN_COMMA = YES;
				CLANG_WARN_CONSTANT_CONVERSION = YES;
				CLANG_WARN_DIRECT_OBJC_ISA_USAGE = YES_ERROR;
				CLANG_WARN_DOCUMENTATION_COMMENTS = YES;
				CLANG_WARN_EMPTY_BODY = YES;
				CLANG_WARN_ENUM_CONVERSION = YES;
				CLANG_WARN_INFINITE_RECURSION = YES;
				CLANG_WARN_INT_CONVERSION = YES;
				CLANG_WARN_NON_LITERAL_NULL_CONVERSION = YES;
				CLANG_WARN_OBJC_LITERAL_CONVERSION = YES;
				CLANG_WARN_OBJC_ROOT_CLASS = YES_ERROR;
				CLANG_WARN_RANGE_LOOP_ANALYSIS = YES;
				CLANG_WARN_STRICT_PROTOTYPES = YES;
				CLANG_WARN_SUSPICIOUS_MOVE = YES;
				CLANG_WARN_UNGUARDED_AVAILABILITY = YES_AGGRESSIVE;
				CLANG_WARN_UNREACHABLE_CODE = YES;
				CLANG_WARN__DUPLICATE_METHOD_MATCH = YES;
				CODE_SIGN_IDENTITY = "iPhone Developer";
				COPY_PHASE_STRIP = NO;
				DEBUG_INFORMATION_FORMAT = "dwarf-with-dsym";
				ENABLE_NS_ASSERTIONS = NO;
				ENABLE_STRICT_OBJC_MSGSEND = YES;
				GCC_C_LANGUAGE_STANDARD = gnu11;
				GCC_NO_COMMON_BLOCKS = YES;
				GCC_WARN_64_TO_32_BIT_CONVERSION = YES;
				GCC_WARN_ABOUT_RETURN_TYPE = YES_ERROR;
				GCC_WARN_UNDECLARED_SELECTOR = YES;
				GCC_WARN_UNINITIALIZED_AUTOS = YES_AGGRESSIVE;
				GCC_WARN_UNUSED_FUNCTION = YES;
				GCC_WARN_UNUSED_VARIABLE = YES;
				IPHONEOS_DEPLOYMENT_TARGET = 11.1;
				MTL_ENABLE_DEBUG_INFO = NO;
				SDKROOT = iphoneos;
				SWIFT_OPTIMIZATION_LEVEL = "-Owholemodule";
				VALIDATE_PRODUCT = YES;
			};
			name = Release;
		};
		3E3C120D1FC30E040099C0AE /* Debug */ = {
			isa = XCBuildConfiguration;
			buildSettings = {
				ASSETCATALOG_COMPILER_APPICON_NAME = AppIcon;
				CODE_SIGN_STYLE = Automatic;
				DEVELOPMENT_TEAM = 452DHHAC9T;
				INFOPLIST_FILE = NotificationCenterExample/Info.plist;
				LD_RUNPATH_SEARCH_PATHS = "$(inherited) @executable_path/Frameworks";
				PRODUCT_BUNDLE_IDENTIFIER = com.tistory.NotificationCenterExample;
				PRODUCT_NAME = "$(TARGET_NAME)";
				SWIFT_VERSION = 4.0;
				TARGETED_DEVICE_FAMILY = "1,2";
			};
			name = Debug;
		};
		3E3C120E1FC30E040099C0AE /* Release */ = {
			isa = XCBuildConfiguration;
			buildSettings = {
				ASSETCATALOG_COMPILER_APPICON_NAME = AppIcon;
				CODE_SIGN_STYLE = Automatic;
				DEVELOPMENT_TEAM = 452DHHAC9T;
				INFOPLIST_FILE = NotificationCenterExample/Info.plist;
				LD_RUNPATH_SEARCH_PATHS = "$(inherited) @executable_path/Frameworks";
				PRODUCT_BUNDLE_IDENTIFIER = com.tistory.NotificationCenterExample;
				PRODUCT_NAME = "$(TARGET_NAME)";
				SWIFT_VERSION = 4.0;
				TARGETED_DEVICE_FAMILY = "1,2";
			};
			name = Release;
		};
/* End XCBuildConfiguration section */

/* Begin XCConfigurationList section */
		3E3C11F51FC30E040099C0AE /* Build configuration list for PBXProject "NotificationCenterExample" */ = {
			isa = XCConfigurationList;
			buildConfigurations = (
				3E3C120A1FC30E040099C0AE /* Debug */,
				3E3C120B1FC30E040099C0AE /* Release */,
			);
			defaultConfigurationIsVisible = 0;
			defaultConfigurationName = Release;
		};
		3E3C120C1FC30E040099C0AE /* Build configuration list for PBXNativeTarget "NotificationCenterExample" */ = {
			isa = XCConfigurationList;
			buildConfigurations = (
				3E3C120D1FC30E040099C0AE /* Debug */,
				3E3C120E1FC30E040099C0AE /* Release */,
			);
			defaultConfigurationIsVisible = 0;
			defaultConfigurationName = Release;
		};
/* End XCConfigurationList section */
	};
	rootObject = 3E3C11F21FC30E040099C0AE /* Project object */;
}
