// !$*UTF8*$!
{
	archiveVersion = 1;
	classes = {
	};
	objectVersion = 50;
	objects = {

/* Begin PBXBuildFile section */
		2123F41DFF89208FC16BBD7E /* Pods_Advanced_Generics.framework in Frameworks */ = {isa = PBXBuildFile; fileRef = F1E20F5B7E62EF57F771E187 /* Pods_Advanced_Generics.framework */; };
		3E3A8A8120CD5C3E00230B56 /* AppDelegate.swift in Sources */ = {isa = PBXBuildFile; fileRef = 3E3A8A8020CD5C3E00230B56 /* AppDelegate.swift */; };
		3E3A8A8320CD5C3E00230B56 /* ViewController.swift in Sources */ = {isa = PBXBuildFile; fileRef = 3E3A8A8220CD5C3E00230B56 /* ViewController.swift */; };
		3E3A8A8620CD5C3E00230B56 /* Main.storyboard in Resources */ = {isa = PBXBuildFile; fileRef = 3E3A8A8420CD5C3E00230B56 /* Main.storyboard */; };
		3E3A8A8820CD5C4000230B56 /* Assets.xcassets in Resources */ = {isa = PBXBuildFile; fileRef = 3E3A8A8720CD5C4000230B56 /* Assets.xcassets */; };
		3E3A8A8B20CD5C4000230B56 /* LaunchScreen.storyboard in Resources */ = {isa = PBXBuildFile; fileRef = 3E3A8A8920CD5C4000230B56 /* LaunchScreen.storyboard */; };
		3E4E5A5620CD5DF700825468 /* APIService.swift in Sources */ = {isa = PBXBuildFile; fileRef = 3E4E5A5520CD5DF700825468 /* APIService.swift */; };
		3E4E5A5920CD5F6100825468 /* Model.swift in Sources */ = {isa = PBXBuildFile; fileRef = 3E4E5A5820CD5F6100825468 /* Model.swift */; };
		3EBB4EA420CD643800A051F7 /* CourseDetailTableViewController.swift in Sources */ = {isa = PBXBuildFile; fileRef = 3EBB4EA320CD643800A051F7 /* CourseDetailTableViewController.swift */; };
/* End PBXBuildFile section */

/* Begin PBXFileReference section */
		3E3A8A7D20CD5C3E00230B56 /* Advanced Generics.app */ = {isa = PBXFileReference; explicitFileType = wrapper.application; includeInIndex = 0; path = "Advanced Generics.app"; sourceTree = BUILT_PRODUCTS_DIR; };
		3E3A8A8020CD5C3E00230B56 /* AppDelegate.swift */ = {isa = PBXFileReference; lastKnownFileType = sourcecode.swift; path = AppDelegate.swift; sourceTree = "<group>"; };
		3E3A8A8220CD5C3E00230B56 /* ViewController.swift */ = {isa = PBXFileReference; lastKnownFileType = sourcecode.swift; path = ViewController.swift; sourceTree = "<group>"; };
		3E3A8A8520CD5C3E00230B56 /* Base */ = {isa = PBXFileReference; lastKnownFileType = file.storyboard; name = Base; path = Base.lproj/Main.storyboard; sourceTree = "<group>"; };
		3E3A8A8720CD5C4000230B56 /* Assets.xcassets */ = {isa = PBXFileReference; lastKnownFileType = folder.assetcatalog; path = Assets.xcassets; sourceTree = "<group>"; };
		3E3A8A8A20CD5C4000230B56 /* Base */ = {isa = PBXFileReference; lastKnownFileType = file.storyboard; name = Base; path = Base.lproj/LaunchScreen.storyboard; sourceTree = "<group>"; };
		3E3A8A8C20CD5C4000230B56 /* Info.plist */ = {isa = PBXFileReference; lastKnownFileType = text.plist.xml; path = Info.plist; sourceTree = "<group>"; };
		3E4E5A5520CD5DF700825468 /* APIService.swift */ = {isa = PBXFileReference; lastKnownFileType = sourcecode.swift; path = APIService.swift; sourceTree = "<group>"; };
		3E4E5A5820CD5F6100825468 /* Model.swift */ = {isa = PBXFileReference; lastKnownFileType = sourcecode.swift; path = Model.swift; sourceTree = "<group>"; };
		3EBB4EA320CD643800A051F7 /* CourseDetailTableViewController.swift */ = {isa = PBXFileReference; lastKnownFileType = sourcecode.swift; path = CourseDetailTableViewController.swift; sourceTree = "<group>"; };
		B6BA897E352D0C0DE0873517 /* Pods-Advanced Generics.release.xcconfig */ = {isa = PBXFileReference; includeInIndex = 1; lastKnownFileType = text.xcconfig; name = "Pods-Advanced Generics.release.xcconfig"; path = "Pods/Target Support Files/Pods-Advanced Generics/Pods-Advanced Generics.release.xcconfig"; sourceTree = "<group>"; };
		EF2AE3C93963437D7639A9BF /* Pods-Advanced Generics.debug.xcconfig */ = {isa = PBXFileReference; includeInIndex = 1; lastKnownFileType = text.xcconfig; name = "Pods-Advanced Generics.debug.xcconfig"; path = "Pods/Target Support Files/Pods-Advanced Generics/Pods-Advanced Generics.debug.xcconfig"; sourceTree = "<group>"; };
		F1E20F5B7E62EF57F771E187 /* Pods_Advanced_Generics.framework */ = {isa = PBXFileReference; explicitFileType = wrapper.framework; includeInIndex = 0; path = Pods_Advanced_Generics.framework; sourceTree = BUILT_PRODUCTS_DIR; };
/* End PBXFileReference section */

/* Begin PBXFrameworksBuildPhase section */
		3E3A8A7A20CD5C3E00230B56 /* Frameworks */ = {
			isa = PBXFrameworksBuildPhase;
			buildActionMask = 2147483647;
			files = (
				2123F41DFF89208FC16BBD7E /* Pods_Advanced_Generics.framework in Frameworks */,
			);
			runOnlyForDeploymentPostprocessing = 0;
		};
/* End PBXFrameworksBuildPhase section */

/* Begin PBXGroup section */
		3E3A8A7420CD5C3E00230B56 = {
			isa = PBXGroup;
			children = (
				3E3A8A7F20CD5C3E00230B56 /* Advanced Generics */,
				3E3A8A7E20CD5C3E00230B56 /* Products */,
				57A0C50277115C969B1F8D16 /* Pods */,
				FB460F18E8233FDEE88CC829 /* Frameworks */,
			);
			sourceTree = "<group>";
		};
		3E3A8A7E20CD5C3E00230B56 /* Products */ = {
			isa = PBXGroup;
			children = (
				3E3A8A7D20CD5C3E00230B56 /* Advanced Generics.app */,
			);
			name = Products;
			sourceTree = "<group>";
		};
		3E3A8A7F20CD5C3E00230B56 /* Advanced Generics */ = {
			isa = PBXGroup;
			children = (
				3E4E5A5720CD5F5700825468 /* Model */,
				3E4E5A5420CD5DE600825468 /* APIService */,
				3E4E5A5320CD5DE100825468 /* ViewControllers */,
				3E3A8A8020CD5C3E00230B56 /* AppDelegate.swift */,
				3E3A8A8420CD5C3E00230B56 /* Main.storyboard */,
				3E3A8A8720CD5C4000230B56 /* Assets.xcassets */,
				3E3A8A8920CD5C4000230B56 /* LaunchScreen.storyboard */,
				3E3A8A8C20CD5C4000230B56 /* Info.plist */,
			);
			path = "Advanced Generics";
			sourceTree = "<group>";
		};
		3E4E5A5320CD5DE100825468 /* ViewControllers */ = {
			isa = PBXGroup;
			children = (
				3E3A8A8220CD5C3E00230B56 /* ViewController.swift */,
				3EBB4EA320CD643800A051F7 /* CourseDetailTableViewController.swift */,
			);
			path = ViewControllers;
			sourceTree = "<group>";
		};
		3E4E5A5420CD5DE600825468 /* APIService */ = {
			isa = PBXGroup;
			children = (
				3E4E5A5520CD5DF700825468 /* APIService.swift */,
			);
			path = APIService;
			sourceTree = "<group>";
		};
		3E4E5A5720CD5F5700825468 /* Model */ = {
			isa = PBXGroup;
			children = (
				3E4E5A5820CD5F6100825468 /* Model.swift */,
			);
			path = Model;
			sourceTree = "<group>";
		};
		57A0C50277115C969B1F8D16 /* Pods */ = {
			isa = PBXGroup;
			children = (
				EF2AE3C93963437D7639A9BF /* Pods-Advanced Generics.debug.xcconfig */,
				B6BA897E352D0C0DE0873517 /* Pods-Advanced Generics.release.xcconfig */,
			);
			name = Pods;
			sourceTree = "<group>";
		};
		FB460F18E8233FDEE88CC829 /* Frameworks */ = {
			isa = PBXGroup;
			children = (
				F1E20F5B7E62EF57F771E187 /* Pods_Advanced_Generics.framework */,
			);
			name = Frameworks;
			sourceTree = "<group>";
		};
/* End PBXGroup section */

/* Begin PBXNativeTarget section */
		3E3A8A7C20CD5C3E00230B56 /* Advanced Generics */ = {
			isa = PBXNativeTarget;
			buildConfigurationList = 3E3A8A8F20CD5C4000230B56 /* Build configuration list for PBXNativeTarget "Advanced Generics" */;
			buildPhases = (
				626F979174757B417A8398E1 /* [CP] Check Pods Manifest.lock */,
				3E3A8A7920CD5C3E00230B56 /* Sources */,
				3E3A8A7A20CD5C3E00230B56 /* Frameworks */,
				3E3A8A7B20CD5C3E00230B56 /* Resources */,
				8A64BE9E9FBD2557E3594E05 /* [CP] Embed Pods Frameworks */,
			);
			buildRules = (
			);
			dependencies = (
			);
			name = "Advanced Generics";
			productName = "Advanced Generics";
			productReference = 3E3A8A7D20CD5C3E00230B56 /* Advanced Generics.app */;
			productType = "com.apple.product-type.application";
		};
/* End PBXNativeTarget section */

/* Begin PBXProject section */
		3E3A8A7520CD5C3E00230B56 /* Project object */ = {
			isa = PBXProject;
			attributes = {
				LastSwiftUpdateCheck = 1000;
				LastUpgradeCheck = 1000;
				ORGANIZATIONNAME = "이동건";
				TargetAttributes = {
					3E3A8A7C20CD5C3E00230B56 = {
						CreatedOnToolsVersion = 10.0;
					};
				};
			};
			buildConfigurationList = 3E3A8A7820CD5C3E00230B56 /* Build configuration list for PBXProject "Advanced Generics" */;
			compatibilityVersion = "Xcode 9.3";
			developmentRegion = en;
			hasScannedForEncodings = 0;
			knownRegions = (
				en,
				Base,
			);
			mainGroup = 3E3A8A7420CD5C3E00230B56;
			productRefGroup = 3E3A8A7E20CD5C3E00230B56 /* Products */;
			projectDirPath = "";
			projectRoot = "";
			targets = (
				3E3A8A7C20CD5C3E00230B56 /* Advanced Generics */,
			);
		};
/* End PBXProject section */

/* Begin PBXResourcesBuildPhase section */
		3E3A8A7B20CD5C3E00230B56 /* Resources */ = {
			isa = PBXResourcesBuildPhase;
			buildActionMask = 2147483647;
			files = (
				3E3A8A8B20CD5C4000230B56 /* LaunchScreen.storyboard in Resources */,
				3E3A8A8820CD5C4000230B56 /* Assets.xcassets in Resources */,
				3E3A8A8620CD5C3E00230B56 /* Main.storyboard in Resources */,
			);
			runOnlyForDeploymentPostprocessing = 0;
		};
/* End PBXResourcesBuildPhase section */

/* Begin PBXShellScriptBuildPhase section */
		626F979174757B417A8398E1 /* [CP] Check Pods Manifest.lock */ = {
			isa = PBXShellScriptBuildPhase;
			buildActionMask = 2147483647;
			files = (
			);
			inputPaths = (
				"${PODS_PODFILE_DIR_PATH}/Podfile.lock",
				"${PODS_ROOT}/Manifest.lock",
			);
			name = "[CP] Check Pods Manifest.lock";
			outputPaths = (
				"$(DERIVED_FILE_DIR)/Pods-Advanced Generics-checkManifestLockResult.txt",
			);
			runOnlyForDeploymentPostprocessing = 0;
			shellPath = /bin/sh;
			shellScript = "diff \"${PODS_PODFILE_DIR_PATH}/Podfile.lock\" \"${PODS_ROOT}/Manifest.lock\" > /dev/null\nif [ $? != 0 ] ; then\n    # print error to STDERR\n    echo \"error: The sandbox is not in sync with the Podfile.lock. Run 'pod install' or update your CocoaPods installation.\" >&2\n    exit 1\nfi\n# This output is used by Xcode 'outputs' to avoid re-running this script phase.\necho \"SUCCESS\" > \"${SCRIPT_OUTPUT_FILE_0}\"\n";
			showEnvVarsInLog = 0;
		};
		8A64BE9E9FBD2557E3594E05 /* [CP] Embed Pods Frameworks */ = {
			isa = PBXShellScriptBuildPhase;
			buildActionMask = 2147483647;
			files = (
			);
			inputPaths = (
				"${SRCROOT}/Pods/Target Support Files/Pods-Advanced Generics/Pods-Advanced Generics-frameworks.sh",
				"${BUILT_PRODUCTS_DIR}/Alamofire/Alamofire.framework",
			);
			name = "[CP] Embed Pods Frameworks";
			outputPaths = (
				"${TARGET_BUILD_DIR}/${FRAMEWORKS_FOLDER_PATH}/Alamofire.framework",
			);
			runOnlyForDeploymentPostprocessing = 0;
			shellPath = /bin/sh;
			shellScript = "\"${SRCROOT}/Pods/Target Support Files/Pods-Advanced Generics/Pods-Advanced Generics-frameworks.sh\"\n";
			showEnvVarsInLog = 0;
		};
/* End PBXShellScriptBuildPhase section */

/* Begin PBXSourcesBuildPhase section */
		3E3A8A7920CD5C3E00230B56 /* Sources */ = {
			isa = PBXSourcesBuildPhase;
			buildActionMask = 2147483647;
			files = (
				3E3A8A8320CD5C3E00230B56 /* ViewController.swift in Sources */,
				3EBB4EA420CD643800A051F7 /* CourseDetailTableViewController.swift in Sources */,
				3E4E5A5620CD5DF700825468 /* APIService.swift in Sources */,
				3E3A8A8120CD5C3E00230B56 /* AppDelegate.swift in Sources */,
				3E4E5A5920CD5F6100825468 /* Model.swift in Sources */,
			);
			runOnlyForDeploymentPostprocessing = 0;
		};
/* End PBXSourcesBuildPhase section */

/* Begin PBXVariantGroup section */
		3E3A8A8420CD5C3E00230B56 /* Main.storyboard */ = {
			isa = PBXVariantGroup;
			children = (
				3E3A8A8520CD5C3E00230B56 /* Base */,
			);
			name = Main.storyboard;
			sourceTree = "<group>";
		};
		3E3A8A8920CD5C4000230B56 /* LaunchScreen.storyboard */ = {
			isa = PBXVariantGroup;
			children = (
				3E3A8A8A20CD5C4000230B56 /* Base */,
			);
			name = LaunchScreen.storyboard;
			sourceTree = "<group>";
		};
/* End PBXVariantGroup section */

/* Begin XCBuildConfiguration section */
		3E3A8A8D20CD5C4000230B56 /* Debug */ = {
			isa = XCBuildConfiguration;
			buildSettings = {
				ALWAYS_SEARCH_USER_PATHS = NO;
				CLANG_ANALYZER_NONNULL = YES;
				CLANG_ANALYZER_NUMBER_OBJECT_CONVERSION = YES_AGGRESSIVE;
				CLANG_CXX_LANGUAGE_STANDARD = "gnu++14";
				CLANG_CXX_LIBRARY = "libc++";
				CLANG_ENABLE_MODULES = YES;
				CLANG_ENABLE_OBJC_ARC = YES;
				CLANG_ENABLE_OBJC_WEAK = YES;
				CLANG_WARN_BLOCK_CAPTURE_AUTORELEASING = YES;
				CLANG_WARN_BOOL_CONVERSION = YES;
				CLANG_WARN_COMMA = YES;
				CLANG_WARN_CONSTANT_CONVERSION = YES;
				CLANG_WARN_DEPRECATED_OBJC_IMPLEMENTATIONS = YES;
				CLANG_WARN_DIRECT_OBJC_ISA_USAGE = YES_ERROR;
				CLANG_WARN_DOCUMENTATION_COMMENTS = YES;
				CLANG_WARN_EMPTY_BODY = YES;
				CLANG_WARN_ENUM_CONVERSION = YES;
				CLANG_WARN_INFINITE_RECURSION = YES;
				CLANG_WARN_INT_CONVERSION = YES;
				CLANG_WARN_NON_LITERAL_NULL_CONVERSION = YES;
				CLANG_WARN_OBJC_IMPLICIT_RETAIN_SELF = YES;
				CLANG_WARN_OBJC_LITERAL_CONVERSION = YES;
				CLANG_WARN_OBJC_ROOT_CLASS = YES_ERROR;
				CLANG_WARN_RANGE_LOOP_ANALYSIS = YES;
				CLANG_WARN_STRICT_PROTOTYPES = YES;
				CLANG_WARN_SUSPICIOUS_MOVE = YES;
				CLANG_WARN_UNGUARDED_AVAILABILITY = YES_AGGRESSIVE;
				CLANG_WARN_UNREACHABLE_CODE = YES;
				CLANG_WARN__DUPLICATE_METHOD_MATCH = YES;
				CODE_SIGN_IDENTITY = "iPhone Developer";
				COPY_PHASE_STRIP = NO;
				DEBUG_INFORMATION_FORMAT = dwarf;
				ENABLE_STRICT_OBJC_MSGSEND = YES;
				ENABLE_TESTABILITY = YES;
				GCC_C_LANGUAGE_STANDARD = gnu11;
				GCC_DYNAMIC_NO_PIC = NO;
				GCC_NO_COMMON_BLOCKS = YES;
				GCC_OPTIMIZATION_LEVEL = 0;
				GCC_PREPROCESSOR_DEFINITIONS = (
					"DEBUG=1",
					"$(inherited)",
				);
				GCC_WARN_64_TO_32_BIT_CONVERSION = YES;
				GCC_WARN_ABOUT_RETURN_TYPE = YES_ERROR;
				GCC_WARN_UNDECLARED_SELECTOR = YES;
				GCC_WARN_UNINITIALIZED_AUTOS = YES_AGGRESSIVE;
				GCC_WARN_UNUSED_FUNCTION = YES;
				GCC_WARN_UNUSED_VARIABLE = YES;
				IPHONEOS_DEPLOYMENT_TARGET = 12.0;
				MTL_ENABLE_DEBUG_INFO = INCLUDE_SOURCE;
				ONLY_ACTIVE_ARCH = YES;
				SDKROOT = iphoneos;
				SWIFT_ACTIVE_COMPILATION_CONDITIONS = DEBUG;
				SWIFT_OPTIMIZATION_LEVEL = "-Onone";
			};
			name = Debug;
		};
		3E3A8A8E20CD5C4000230B56 /* Release */ = {
			isa = XCBuildConfiguration;
			buildSettings = {
				ALWAYS_SEARCH_USER_PATHS = NO;
				CLANG_ANALYZER_NONNULL = YES;
				CLANG_ANALYZER_NUMBER_OBJECT_CONVERSION = YES_AGGRESSIVE;
				CLANG_CXX_LANGUAGE_STANDARD = "gnu++14";
				CLANG_CXX_LIBRARY = "libc++";
				CLANG_ENABLE_MODULES = YES;
				CLANG_ENABLE_OBJC_ARC = YES;
				CLANG_ENABLE_OBJC_WEAK = YES;
				CLANG_WARN_BLOCK_CAPTURE_AUTORELEASING = YES;
				CLANG_WARN_BOOL_CONVERSION = YES;
				CLANG_WARN_COMMA = YES;
				CLANG_WARN_CONSTANT_CONVERSION = YES;
				CLANG_WARN_DEPRECATED_OBJC_IMPLEMENTATIONS = YES;
				CLANG_WARN_DIRECT_OBJC_ISA_USAGE = YES_ERROR;
				CLANG_WARN_DOCUMENTATION_COMMENTS = YES;
				CLANG_WARN_EMPTY_BODY = YES;
				CLANG_WARN_ENUM_CONVERSION = YES;
				CLANG_WARN_INFINITE_RECURSION = YES;
				CLANG_WARN_INT_CONVERSION = YES;
				CLANG_WARN_NON_LITERAL_NULL_CONVERSION = YES;
				CLANG_WARN_OBJC_IMPLICIT_RETAIN_SELF = YES;
				CLANG_WARN_OBJC_LITERAL_CONVERSION = YES;
				CLANG_WARN_OBJC_ROOT_CLASS = YES_ERROR;
				CLANG_WARN_RANGE_LOOP_ANALYSIS = YES;
				CLANG_WARN_STRICT_PROTOTYPES = YES;
				CLANG_WARN_SUSPICIOUS_MOVE = YES;
				CLANG_WARN_UNGUARDED_AVAILABILITY = YES_AGGRESSIVE;
				CLANG_WARN_UNREACHABLE_CODE = YES;
				CLANG_WARN__DUPLICATE_METHOD_MATCH = YES;
				CODE_SIGN_IDENTITY = "iPhone Developer";
				COPY_PHASE_STRIP = NO;
				DEBUG_INFORMATION_FORMAT = "dwarf-with-dsym";
				ENABLE_NS_ASSERTIONS = NO;
				ENABLE_STRICT_OBJC_MSGSEND = YES;
				GCC_C_LANGUAGE_STANDARD = gnu11;
				GCC_NO_COMMON_BLOCKS = YES;
				GCC_WARN_64_TO_32_BIT_CONVERSION = YES;
				GCC_WARN_ABOUT_RETURN_TYPE = YES_ERROR;
				GCC_WARN_UNDECLARED_SELECTOR = YES;
				GCC_WARN_UNINITIALIZED_AUTOS = YES_AGGRESSIVE;
				GCC_WARN_UNUSED_FUNCTION = YES;
				GCC_WARN_UNUSED_VARIABLE = YES;
				IPHONEOS_DEPLOYMENT_TARGET = 12.0;
				MTL_ENABLE_DEBUG_INFO = NO;
				SDKROOT = iphoneos;
				SWIFT_COMPILATION_MODE = wholemodule;
				SWIFT_OPTIMIZATION_LEVEL = "-O";
				VALIDATE_PRODUCT = YES;
			};
			name = Release;
		};
		3E3A8A9020CD5C4000230B56 /* Debug */ = {
			isa = XCBuildConfiguration;
			baseConfigurationReference = EF2AE3C93963437D7639A9BF /* Pods-Advanced Generics.debug.xcconfig */;
			buildSettings = {
				ASSETCATALOG_COMPILER_APPICON_NAME = AppIcon;
				CODE_SIGN_STYLE = Automatic;
				DEVELOPMENT_TEAM = 452DHHAC9T;
				INFOPLIST_FILE = "Advanced Generics/Info.plist";
				IPHONEOS_DEPLOYMENT_TARGET = 11.0;
				LD_RUNPATH_SEARCH_PATHS = (
					"$(inherited)",
					"@executable_path/Frameworks",
				);
				PRODUCT_BUNDLE_IDENTIFIER = "com.Advanced-Generics";
				PRODUCT_NAME = "$(TARGET_NAME)";
				SWIFT_VERSION = 4.2;
				TARGETED_DEVICE_FAMILY = "1,2";
			};
			name = Debug;
		};
		3E3A8A9120CD5C4000230B56 /* Release */ = {
			isa = XCBuildConfiguration;
			baseConfigurationReference = B6BA897E352D0C0DE0873517 /* Pods-Advanced Generics.release.xcconfig */;
			buildSettings = {
				ASSETCATALOG_COMPILER_APPICON_NAME = AppIcon;
				CODE_SIGN_STYLE = Automatic;
				DEVELOPMENT_TEAM = 452DHHAC9T;
				INFOPLIST_FILE = "Advanced Generics/Info.plist";
				IPHONEOS_DEPLOYMENT_TARGET = 11.0;
				LD_RUNPATH_SEARCH_PATHS = (
					"$(inherited)",
					"@executable_path/Frameworks",
				);
				PRODUCT_BUNDLE_IDENTIFIER = "com.Advanced-Generics";
				PRODUCT_NAME = "$(TARGET_NAME)";
				SWIFT_VERSION = 4.2;
				TARGETED_DEVICE_FAMILY = "1,2";
			};
			name = Release;
		};
/* End XCBuildConfiguration section */

/* Begin XCConfigurationList section */
		3E3A8A7820CD5C3E00230B56 /* Build configuration list for PBXProject "Advanced Generics" */ = {
			isa = XCConfigurationList;
			buildConfigurations = (
				3E3A8A8D20CD5C4000230B56 /* Debug */,
				3E3A8A8E20CD5C4000230B56 /* Release */,
			);
			defaultConfigurationIsVisible = 0;
			defaultConfigurationName = Release;
		};
		3E3A8A8F20CD5C4000230B56 /* Build configuration list for PBXNativeTarget "Advanced Generics" */ = {
			isa = XCConfigurationList;
			buildConfigurations = (
				3E3A8A9020CD5C4000230B56 /* Debug */,
				3E3A8A9120CD5C4000230B56 /* Release */,
			);
			defaultConfigurationIsVisible = 0;
			defaultConfigurationName = Release;
		};
/* End XCConfigurationList section */
	};
	rootObject = 3E3A8A7520CD5C3E00230B56 /* Project object */;
}
